cloud.google.com/go v0.24.0/go.mod h1:aQUYkXzVsufM+DwF1aE+0xfcU+56JwCaLick0ClmMTw=
github.com/Azure/go-ansiterm v0.0.0-20170929234023-d6e3b3328b78/go.mod h1:LmzpDX56iTiv29bbRTIsUNlaFfuhWRQBWjQdVyAevI8=
github.com/GeertJohan/go-sourcepath v0.0.0-20150925135350-83e8b8723a9b h1:D4H5C4VvURnduTQydyEhA6OWnNcZTLUlNX4YBw5yelY=
github.com/GeertJohan/go-sourcepath v0.0.0-20150925135350-83e8b8723a9b/go.mod h1:X/dh6iyBHZUR+NSNoO9isIl7cRw4n09jwjK5tfr+Rno=
github.com/GeertJohan/go.rice v0.0.0-20170420135705-c02ca9a983da/go.mod h1:DgrzXonpdQbfN3uYaGz1EG4Sbhyum/MMIn6Cphlh2bw=
github.com/Masterminds/semver v1.4.2 h1:WBLTQ37jOCzSLtXNdoo8bNM8876KhNqOKvrlGITgsTc=
github.com/Masterminds/semver v1.4.2/go.mod h1:MB6lktGJrhw8PrUyiEoblNEGEQ+RzHPF078ddwwvV3Y=
github.com/Microsoft/go-winio v0.4.7/go.mod h1:VhR8bwka0BXejwEJY73c50VrPtXAaKcyvVC4A4RozmA=
github.com/Nvveen/Gotty v0.0.0-20120604004816-cd527374f1e5/go.mod h1:lmUJ/7eu/Q8D7ML55dXQrVaamCz2vxCfdQBasLZfHKk=
github.com/Shopify/sarama v1.17.0 h1:Y2/FBwElFVwt7aLKL3fDG6hh+rrlywR6uLgTgKObwTc=
github.com/Shopify/sarama v1.17.0/go.mod h1:FVkBWblsNy7DGZRfXLU0O9RCGt5g3g3yEuWXgklEdEo=
github.com/StackExchange/wmi v0.0.0-20180116203802-5d049714c4a6/go.mod h1:3eOhrUMpNV+6aFIbp5/iudMxNCF27Vw2OZgy4xEx0Fg=
github.com/Unknwon/com v0.0.0-20151008135407-28b053d5a292 h1:tuQ7w+my8a8mkwN7x2TSd7OzTjkZ7rAeSyH4xncuAMI=
github.com/Unknwon/com v0.0.0-20151008135407-28b053d5a292/go.mod h1:KYCjqMOeHpNuTOiFQU6WEcTG7poCJrUs0YgyHNtn1no=
github.com/VividCortex/ewma v0.0.0-20170804035156-43880d236f69/go.mod h1:2Tkkvm3sRDVXaiyucHiACn4cqf7DpdyLvmxzcbUokwA=
github.com/VividCortex/robustly v0.0.0-20180323182711-6d4b5835c602/go.mod h1:OGWEgKMPuT9PchbxWjFp6BTgl5lP6CdxEiES9778seU=
github.com/anthonynsimon/bild v0.10.0 h1:Mhqk6Latm2snVkfT2LCjh3ostMBsSlv/YgsQCpgPFSc=
github.com/anthonynsimon/bild v0.10.0/go.mod h1:rY8HbNSqiIVRGquP67cbI8etkQGyCZzQ5Fkp0MdtXCQ=
github.com/apache/thrift v0.0.0-20180717161949-f2867c24984a h1:fDTrl75DIQgxt0cKPBDQSUW3fKi5VOYYboSSkOjd264=
github.com/apache/thrift v0.0.0-20180717161949-f2867c24984a/go.mod h1:cp2SuWMxlEZw2r+iP2GNCdIi4C1qmUzdZFSVb+bacwQ=
github.com/armon/consul-api v0.0.0-20180202201655-eb2c6b5be1b6 h1:G1bPvciwNyF7IUmKXNt9Ak3m6u9DE1rF+RmtIkBpVdA=
github.com/armon/consul-api v0.0.0-20180202201655-eb2c6b5be1b6/go.mod h1:grANhF5doyWs3UAsr3K4I6qtAmlQcZDesFNEHPZAzj8=
github.com/awalterschulze/gographviz v0.0.0-20170410065617-c84395e536e1 h1:r2lcIqPAm8+z4sEiWTJW3JR3/tc9WWH95hZFXLd2Y0g=
github.com/awalterschulze/gographviz v0.0.0-20170410065617-c84395e536e1/go.mod h1:GEV5wmg4YquNw7v1kkyoX9etIk8yVmXj+AkDHuuETHs=
github.com/aws/aws-sdk-go v1.14.13 h1:pAJruucxTzrhgYOwsSTw4cfui2lGwWS89ajabhZdoTY=
github.com/aws/aws-sdk-go v1.14.13/go.mod h1:ZRmQr0FajVIyZ4ZzBYKG5P3ZqPz9IHG41ZoMu1ADI3k=
github.com/bamiaux/rez v0.0.0-20170731184118-29f4463c688b h1:5Ci5wpOL75rYF6RQGRoqhEAU6xLJ6n/D4SckXX1yB74=
github.com/bamiaux/rez v0.0.0-20170731184118-29f4463c688b/go.mod h1:obBQGGIFbbv9KWg92Qu9UHeD94JXmHD1jovY/z6I3O8=
github.com/bgentry/go-netrc v0.0.0-20140422174119-9fd32a8b3d3d h1:xDfNPAt8lFiC1UJrqV3uuy861HCTo708pDMbjHHdCas=
github.com/bgentry/go-netrc v0.0.0-20140422174119-9fd32a8b3d3d/go.mod h1:6QX/PXZ00z/TKoufEY6K/a0k6AhaJrQKdFe6OfVXsa4=
github.com/boltdb/bolt v1.3.1 h1:JQmyP4ZBrce+ZQu0dY660FMfatumYDLun9hBCUVIkF4=
github.com/boltdb/bolt v1.3.1/go.mod h1:clJnj/oiGkjum5o1McbSZDSLxVThjynRyGBgiAx27Ps=
github.com/bugsnag/osext v0.0.0-20130617224835-0dd3f918b21b/go.mod h1:obH5gd0BsqsP2LwDJ9aOkm/6J86V6lyAXCoQWGw3K50=
github.com/carlescere/scheduler v0.0.0-20170109141437-ee74d2f83d82/go.mod h1:tyA14J0sA3Hph4dt+AfCjPrYR13+vVodshQSM7km9qw=
github.com/cenkalti/backoff v2.0.0+incompatible/go.mod h1:90ReRw6GdpyfrHakVjL/QHaoyV4aDUVVkXQJJJ3NXXM=
github.com/cockroachdb/cmux v0.0.0-20170110192607-30d10be49292/go.mod h1:qRiX68mZX1lGBkTWyp3CLcenw9I94W2dLeRvMzcn9N4=
github.com/codahale/hdrhistogram v0.0.0-20161010025455-3a0bb77429bd h1:qMd81Ts1T2OTKmB4acZcyKaMtRnY5Y44NuXGX2GFJ1w=
github.com/codahale/hdrhistogram v0.0.0-20161010025455-3a0bb77429bd/go.mod h1:sE/e/2PUdi/liOCUjSTXgM1o87ZssimdTWN964YiIeI=
github.com/containerd/continuity v0.0.0-20180612233548-246e49050efd/go.mod h1:GL3xCUCBDV3CZiTSEKksMWbLE66hEyuu9qyDOOqM47Y=
github.com/coreos/etcd v3.3.8+incompatible h1:yu9KPfJcB+Lk4S4fdlqx/pLDQIlohlpqC0tn2/ofFgY=
github.com/coreos/etcd v3.3.8+incompatible/go.mod h1:uF7uidLiAD3TWHmW31ZFd/JWoc32PjwdhPthX9715RE=
github.com/coreos/go-semver v0.2.0 h1:3Jm3tLmsgAYcjC+4Up7hJrFBPr+n7rAqYeSw/SZazuY=
github.com/coreos/go-semver v0.2.0/go.mod h1:nnelYz7RCh+5ahJtPPxZlU+153eP4D4r3EedlOD2RNk=
github.com/coreos/go-systemd v0.0.0-20180511133405-39ca1b05acc7/go.mod h1:F5haX7vjVVG0kc13fIWeqUViNPyEJxv/OmvnBo0Yme4=
github.com/cpuguy83/go-md2man v1.0.8/go.mod h1:N6JayAiVKtlHSnuTCeuLSQVs75hb8q+dYQLjr7cDsKY=
github.com/daaku/go.zipexe v0.0.0-20150329023125-a5fe2436ffcb/go.mod h1:U0vRfAucUOohvdCxt5MWLF+TePIL0xbCkbKIiV8TQCE=
github.com/davecgh/go-spew v1.1.0 h1:ZDRjVQ15GmhC3fiQ8ni8+OwkZQO4DARzQgrnXU1Liz8=
github.com/davecgh/go-spew v1.1.0/go.mod h1:J7Y8YcW2NihsgmVo/mv3lAwl/skON4iLHjSsI+c5H38=
github.com/docker/distribution v0.0.0-20180611183926-749f6afb4572/go.mod h1:J2gT2udsDAN96Uj4KfcMRqY0/ypR+oyYUYmja8H+y+w=
github.com/docker/docker v0.0.0-20180622020808-af626ba08a4e/go.mod h1:eEKB0N0r5NX/I1kEveEz05bcu8tLC/8azJZsviup8Sk=
github.com/docker/go-connections v0.4.0/go.mod h1:Gbd7IOopHjR8Iph03tsViu4nIes5XhDvyHbTtUxmeec=
github.com/docker/go-plugins-helpers v0.0.0-20180116160015-61cb8e233420/go.mod h1:LFyLie6XcDbyKGeVK6bHe+9aJTYCxWLBg5IrJZOaXKA=
github.com/docker/go-units v0.3.3/go.mod h1:fgPhTUdO+D/Jk86RDLlptpiXQzgHJF7gydDDbaIK4Dk=
github.com/dustin/go-humanize v0.0.0-20180421182945-02af3965c54e/go.mod h1:HtrtbFcZ19U5GC7JDqmcUSB87Iq5E25KnS6fMYU6eOk=
github.com/eapache/go-resiliency v1.1.0 h1:1NtRmCAqadE2FN4ZcN6g90TP3uk8cg9rn9eNK2197aU=
github.com/eapache/go-resiliency v1.1.0/go.mod h1:kFI+JgMyC7bLPUVY133qvEBtVayf5mFgVsvEsIPBvNs=
github.com/eapache/go-xerial-snappy v0.0.0-20160609142408-bb955e01b934 h1:oGLoaVIefp3tiOgi7+KInR/nNPvEpPM6GFo+El7fd14=
github.com/eapache/go-xerial-snappy v0.0.0-20160609142408-bb955e01b934/go.mod h1:+020luEh2TKB4/GOp8oxxtq0Daoen/Cii55CzbTV6DU=
github.com/eapache/queue v1.1.0 h1:YOEu7KNc61ntiQlcEeUIoDTJ2o8mQznoNvUhiigpIqc=
github.com/eapache/queue v1.1.0/go.mod h1:6eCeP0CKFpHLu8blIFXhExK/dRa7WDZfr6jVFPTqq+I=
github.com/elazarl/go-bindata-assetfs v1.0.0 h1:G/bYguwHIzWq9ZoyUQqrjTmJbbYn3j3CKKpKinvZLFk=
github.com/elazarl/go-bindata-assetfs v1.0.0/go.mod h1:v+YaWX3bdea5J/mo8dSETolEo7R71Vk1u8bnjau5yw4=
github.com/evalphobia/logrus_fluent v0.4.0/go.mod h1:hasyj+CXm3BDP1YhFk/rnTcjlegyqvkokV9A25cQsaA=
github.com/evalphobia/logrus_kinesis v0.2.0/go.mod h1:J7F3tFSqPOXPoSenn3cUQBpvbHjUY9url2OXTZQconU=
github.com/facebookgo/freeport v0.0.0-20150612182905-d4adf43b75b9 h1:wWke/RUCl7VRjQhwPlR/v0glZXNYzBHdNUzf/Am2Nmg=
github.com/facebookgo/freeport v0.0.0-20150612182905-d4adf43b75b9/go.mod h1:uPmAp6Sws4L7+Q/OokbWDAK1ibXYhB3PXFP1kol5hPg=
github.com/facebookgo/stack v0.0.0-20160209184415-751773369052 h1:JWuenKqqX8nojtoVVWjGfOF9635RETekkoH6Cc9SX0A=
github.com/facebookgo/stack v0.0.0-20160209184415-751773369052/go.mod h1:UbMTZqLaRiH3MsBH8va0n7s1pQYcu3uTb8G4tygF4Zg=
github.com/fatih/color v1.7.0 h1:DkWD4oS2D8LGGgTQ6IvwJJXSL5Vp2ffcQg58nFV38Ys=
github.com/fatih/color v1.7.0/go.mod h1:Zm6kSWBoL9eyXnKyktHP6abPY2pDugNf5KwzbycvMj4=
github.com/fatih/structs v1.0.0 h1:BrX964Rv5uQ3wwS+KRUAJCBBw5PQmgJfJ6v4yly5QwU=
github.com/fatih/structs v1.0.0/go.mod h1:9NiDSp5zOcgEDl+j00MP/WkGVPOlPRLejGD8Ga6PJ7M=
github.com/fluent/fluent-logger-golang v1.3.0/go.mod h1:2/HCT/jTy78yGyeNGQLGQsjF3zzzAuy6Xlk6FCMV5eU=
github.com/fsnotify/fsnotify v1.4.7 h1:IXs+QLmnXW2CcXuY+8Mzv/fWEsPGWxqefPtCP5CnV9I=
github.com/fsnotify/fsnotify v1.4.7/go.mod h1:jwhsz4b93w/PPRr/qN1Yymfu8t87LnFCMoQvtojpjFo=
github.com/gbbr/memstats v0.0.0-20141117200020-3f4151ce3189/go.mod h1:dDWznvdZxQKf8TrTQgx7QqBkEoq0rmXsE/Ji+Sm8XfY=
github.com/go-ini/ini v1.37.0 h1:/FpMfveJbc7ExTTDgT5nL9Vw+aZdst/c2dOxC931U+M=
github.com/go-ini/ini v1.37.0/go.mod h1:ByCAeIL28uOIIG0E3PJtZPDL8WnHpFKFOtgjp+3Ies8=
github.com/go-logfmt/logfmt v0.3.0 h1:8HUsc87TaSWLKwrnumgC8/YconD2fJQsRJAsWaPg2ic=
github.com/go-logfmt/logfmt v0.3.0/go.mod h1:Qt1PoO58o5twSAckw1HlFXLmHsOX5/0LbT9GBnD5lWE=
github.com/go-ole/go-ole v1.2.1/go.mod h1:7FAglXiTm7HKlQRDeOQ6ZNUHidzCWXuZWq/1dTyBNF8=
github.com/gogo/protobuf v1.0.0 h1:2jyBKDKU/8v3v2xVR2PtiWQviFUyiaGk2rpfyFT8rTM=
github.com/gogo/protobuf v1.0.0/go.mod h1:r8qH/GZQm5c6nD/R0oafs1akxWv10x8SbQlK7atdtwQ=
github.com/golang/protobuf v0.0.0-20180622174009-9eb2c01ac278 h1:K8gwDJfG+B1LjkmxrSw1L6P6dQ089va1xLQSz7JTNps=
github.com/golang/protobuf v0.0.0-20180622174009-9eb2c01ac278/go.mod h1:6lQm79b+lXiMfvg/cZm0SGofjICqVBUtrP5yJMmIC1U=
github.com/golang/snappy v0.0.0-20180518054509-2e65f85255db h1:woRePGFeVFfLKN/pOkfl+p/TAqKOfFu+7KPlMVpok/w=
github.com/golang/snappy v0.0.0-20180518054509-2e65f85255db/go.mod h1:/XxbfmMg8lxefKM7IXC3fBNl/7bRcc72aCRzEWrmP2Q=
github.com/gonum/blas v0.0.0-20180125090452-e7c5890b24cf h1:ukIp7SJ4RNEkyqdn8EZDzUTOsqWUbHnwPGU3d8pc7ok=
github.com/gonum/blas v0.0.0-20180125090452-e7c5890b24cf/go.mod h1:P32wAyui1PQ58Oce/KYkOqQv8cVw1zAapXOl+dRFGbc=
github.com/gonum/internal v0.0.0-20180125090855-fda53f8d2571 h1:7ARdo5TcdMorNtejbaqYDEcsqOdPf3iAoUIeoMhvu7E=
github.com/gonum/internal v0.0.0-20180125090855-fda53f8d2571/go.mod h1:Pu4dmpkhSyOzRwuXkOgAvijx4o+4YMUJJo9OvPYMkks=
github.com/google/go-querystring v0.0.0-20170111101155-53e6ce116135/go.mod h1:odCYkC5MyYFN7vkCjXpyrEuKhc/BUO6wN/zVPAxq5ck=
github.com/google/gops v0.3.3/go.mod h1:pMQgrscwEK/aUSW1IFSaBPbJX82FPHWaSoJw1axQfD0=
github.com/grpc-ecosystem/go-grpc-middleware v1.0.0 h1:BWIsLfhgKhV5g/oF34aRjniBHLTZe5DNekSjbAjIS6c=
github.com/grpc-ecosystem/go-grpc-middleware v1.0.0/go.mod h1:FiyG127CGDf3tlThmgyCl78X/SZQqEOJBCDaAfeWzPs=
github.com/grpc-ecosystem/grpc-gateway v1.4.1 h1:pX7cnDwSSmG0dR9yNjCQSSpmsJOqFdT7SzVp5Yl9uVw=
github.com/grpc-ecosystem/grpc-gateway v1.4.1/go.mod h1:RSKVYQBd5MCa4OVpNdGskqpgL2+G+NZTnrVHpWWfpdw=
github.com/hashicorp/consul v1.1.0 h1:xKwxj1mDPRmQVbiZxJlD7R5PiS7XsttGP7vNx16IcLY=
github.com/hashicorp/consul v1.1.0/go.mod h1:mFrjN1mfidgJfYP1xrJCF+AfRhr6Eaqhb2+sfyn/OOI=
github.com/hashicorp/go-cleanhttp v0.0.0-20171218145408-d5fe4b57a186 h1:URgjUo+bs1KwatoNbwG0uCO4dHN4r1jsp4a5AGgHRjo=
github.com/hashicorp/go-cleanhttp v0.0.0-20171218145408-d5fe4b57a186/go.mod h1:JpRdi6/HCYpAwUzNwuwqhbovhLtngrth3wmdIIUrZ80=
github.com/hashicorp/go-getter v0.0.0-20180425224130-3f60ec5cfbb2 h1:agL7j8d6LC/7Kwq5qvIl6mC5jC14ANY+MlnhWjmzmSs=
github.com/hashicorp/go-getter v0.0.0-20180425224130-3f60ec5cfbb2/go.mod h1:6rdJFnhkXnzGOJbvkrdv4t9nLwKcVA+tmbQeUlkIzrU=
github.com/hashicorp/go-rootcerts v0.0.0-20160503143440-6bb64b370b90 h1:9HVkPxOpo+yO93Ah4yrO67d/qh0fbLLWbKqhYjyHq9A=
github.com/hashicorp/go-rootcerts v0.0.0-20160503143440-6bb64b370b90/go.mod h1:o4zcYY1e0GEZI6eSEr+43QDYmuGglw1qSO6qdHUHCgg=
github.com/hashicorp/go-safetemp v0.0.0-20180326211150-b1a1dbde6fdc h1:wAa9fGALVHfjYxZuXRnmuJG2CnwRpJYOTvY6YdErAh0=
github.com/hashicorp/go-safetemp v0.0.0-20180326211150-b1a1dbde6fdc/go.mod h1:oaerMy3BhqiTbVye6QuFhFtIceqFoDHxNAB65b+Rj1I=
github.com/hashicorp/go-version v0.0.0-20180322230233-23480c066577 h1:at4+18LrM8myamuV7/vT6x2s1JNXp2k4PsSbt4I02X4=
github.com/hashicorp/go-version v0.0.0-20180322230233-23480c066577/go.mod h1:fltr4n8CU8Ke44wwGCBoEymUuxUHl09ZGVZPK5anwXA=
github.com/hashicorp/hcl v0.0.0-20180404174102-ef8a98b0bbce h1:xdsDDbiBDQTKASoGEZ+pEmF1OnWuu8AQ9I8iNbHNeno=
github.com/hashicorp/hcl v0.0.0-20180404174102-ef8a98b0bbce/go.mod h1:oZtUIOe8dh44I2q6ScRibXws4Ajl+d+nod3AaR9vL5w=
github.com/hashicorp/serf v0.8.1 h1:mYs6SMzu72+90OcPa5wr3nfznA4Dw9UyR791ZFNOIf4=
github.com/hashicorp/serf v0.8.1/go.mod h1:h/Ru6tmZazX7WO/GDmwdpS975F019L4t5ng5IgwbNrE=
github.com/ianlancetaylor/cgosymbolizer v0.0.0-20170921033129-f5072df9c550/go.mod h1:a5aratAVTWyz+nJMmDsN8O4XTfaLfdAsB1ysCmZX5Bw=
github.com/ianlancetaylor/demangle v0.0.0-20180524225900-fc6590592b44/go.mod h1:aSSvb/t6k1mPoxDqO4vJh6VOCGPwU4O0C2/Eqndh1Sc=
github.com/imdario/mergo v0.3.5/go.mod h1:2EnlNZ0deacrJVfApfmtdGgDfMuh/nq6Ok1EcJh5FfA=
github.com/inconshreveable/mousetrap v1.0.0/go.mod h1:PxqpIevigyE2G7u3NXJIT2ANytuPF1OarO4DADm73n8=
github.com/intel-go/cpuid v0.0.0-20180219115911-ec7157e96989 h1:AyQgx/cnFBzgWgp+kokHE37PHKZtZJ6DMudL8D6aSaA=
github.com/intel-go/cpuid v0.0.0-20180219115911-ec7157e96989/go.mod h1:RmeVYf9XrPRbRc3XIx0gLYA8qOFvNoPOfaEZduRlEp4=
github.com/jmespath/go-jmespath v0.0.0-20160202185014-0b12d6b521d8 h1:12VvqtR6Aowv3l/EQUlocDHW2Cp4G9WJVH7uyH8QFJE=
github.com/jmespath/go-jmespath v0.0.0-20160202185014-0b12d6b521d8/go.mod h1:Nht3zPeWKUH0NzdCt2Blrr5ys8VGpn0CEB0cQHVjt7k=
github.com/json-iterator/go v0.0.0-20180315132816-ca39e5af3ece h1:3HJXp/18JmMk5sjBP3LDUBtWjczCvynxaeAF6b6kWp8=
github.com/json-iterator/go v0.0.0-20180315132816-ca39e5af3ece/go.mod h1:+SdeFBvtyEkXs7REEP0seUULqWtbJapLOCVDaaPEHmU=
github.com/junegunn/go-shellwords v0.0.0-20170411071455-02e3cf038dce/go.mod h1:bhItQ1UBXSIVoF6yvdrtgA3QV4AFEMNIj+73+/slfcE=
github.com/k0kubun/pp v2.3.0+incompatible h1:EKhKbi34VQDWJtq+zpsKSEhkHHs9w2P8Izbq8IhLVSo=
github.com/k0kubun/pp v2.3.0+incompatible/go.mod h1:GWse8YhT0p8pT4ir3ZgBbfZild3tgzSScAn6HmfYukg=
github.com/kardianos/osext v0.0.0-20170510131534-ae77be60afb1/go.mod h1:1NbS8ALrpOvjt0rHPNLyCIeMtbizbir8U//inJ+zuB8=
github.com/klauspost/shutdown2 v1.0.4/go.mod h1:mBV6CN9vNPEhvb8sPeC+qZnt2HxY2ziPnlSGgZkYNTQ=
github.com/knq/jwt v0.0.0-20180425050837-b171e76ef804/go.mod h1:H6bRgq8JMACag/WS+QyO3B00Hx9JZTF/zUHxNhzkxqo=
github.com/knq/pemutil v0.0.0-20180607233853-a6a7785bc45a/go.mod h1:2VjBu5gkjU1wG99pRhJ+zm/P4bHnjdRY0CIMP9Gvn7Q=
github.com/knq/sdhook v0.0.0-20180305214827-7a285b4a65ce/go.mod h1:HWpKtLbKtOp2OonmJQZfWYTjdfKUR/a8EKDAgMPPTe8=
github.com/kr/logfmt v0.0.0-20140226030751-b84e30acd515/go.mod h1:+0opPa2QZZtGFBFZlji/RkVcI2GknAs/DXo4wKdlNEc=
github.com/labstack/echo v0.0.0-20180412143600-6d227dfea4d2/go.mod h1:0INS7j/VjnFxD4E2wkz67b8cVwCLbBmJyDaka6Cmk1s=
github.com/labstack/gommon v0.0.0-20180613044413-d6898124de91/go.mod h1:/tj9csK2iPSBvn+3NLM9e52usepMtrd5ilFYA+wQNJ4=
github.com/levigross/grequests v0.0.0-20160921031216-3f92c0acb6cd/go.mod h1:uCZIhROSrVmuF/BPYFPwDeiiQ6juSLp0kikFoEcNcEs=
github.com/magiconair/properties v1.8.0 h1:LLgXmsheXeRoUOBOjtwPQCWIYqM/LU1ayDtDePerRcY=
github.com/magiconair/properties v1.8.0/go.mod h1:PppfXfuXeibc/6YijjN8zIbojt8czPbwD3XqdrwzmxQ=
github.com/mailru/easyjson v0.0.0-20180606163543-3fdea8d05856 h1:hOnidOuIWNsFRPcxxStGeN3NNm4n4+w6KJ9cVJIh70o=
github.com/mailru/easyjson v0.0.0-20180606163543-3fdea8d05856/go.mod h1:C1wdFJiN94OJF2b5HbByQZoLdCWB1Yqtg26g4irojpc=
github.com/mattn/go-colorable v0.0.9 h1:UVL0vNpWh04HeJXV0KLcaT7r06gOH2l4OW6ddYRUIY4=
github.com/mattn/go-colorable v0.0.9/go.mod h1:9vuHe8Xs5qXnSaW/c/ABM9alt+Vo+STaOChaDxuIBZU=
github.com/mattn/go-isatty v0.0.3 h1:ns/ykhmWi7G9O+8a448SecJU3nSMBXJfqQkl0upE1jI=
github.com/mattn/go-isatty v0.0.3/go.mod h1:M+lRXTBqGeGNdLjl/ufCoiOlB5xdOkqRJdNxMWT7Zi4=
github.com/mattn/go-runewidth v0.0.2/go.mod h1:LwmH8dsx7+W8Uxz3IHJYH5QSwggIsqBzpuz5H//U1FU=
github.com/mitchellh/go-homedir v0.0.0-20180523094522-3864e76763d9 h1:Y94YB7jrsihrbGSqRNMwRWJ2/dCxr0hdC2oPRohkx0A=
github.com/mitchellh/go-homedir v0.0.0-20180523094522-3864e76763d9/go.mod h1:SfyaCUpYCn1Vlf4IUYiD9fPX4A5wJrkLzIz1N1q0pr0=
github.com/mitchellh/go-testing-interface v0.0.0-20171004221916-a61a99592b77 h1:7GoSOOW2jpsfkntVKaS2rAr1TJqfcxotyaUcuxoZSzg=
github.com/mitchellh/go-testing-interface v0.0.0-20171004221916-a61a99592b77/go.mod h1:kRemZodwjscx+RGhAo8eIhFbs2+BFgRtFPeD/KE+zxI=
github.com/mitchellh/mapstructure v0.0.0-20180511142126-bb74f1db0675 h1:/rdJjIiKG5rRdwG5yxHmSE/7ZREjpyC0kL7GxGT/qJw=
github.com/mitchellh/mapstructure v0.0.0-20180511142126-bb74f1db0675/go.mod h1:FVVH3fgwuzCH5S8UJGiWEs2h04kUh9fWfEaFds41c1Y=
github.com/modern-go/concurrent v0.0.0-20180306012644-bacd9c7ef1dd h1:TRLaZ9cD/w8PVh93nsPXa1VrQ6jlwL5oN8l14QlcNfg=
github.com/modern-go/concurrent v0.0.0-20180306012644-bacd9c7ef1dd/go.mod h1:6dJC0mAP4ikYIbvyc7fijjWJddQyLn8Ig3JB5CqoB9Q=
github.com/modern-go/reflect2 v0.0.0-20180228065516-1df9eeb2bb81 h1:ImOHKpmdLPXWX5KSYquUWXKaopEPuY7TPPUo18u9aOI=
github.com/modern-go/reflect2 v0.0.0-20180228065516-1df9eeb2bb81/go.mod h1:bx2lNnkwVCuqBIxFjflWJWanXIb3RllmbCylyMrvgv0=
github.com/nicolai86/instruments v0.0.0-20170630130909-a667d8f6e278 h1:3bQ1vuTFxxAu6fn49ooMK+NHmegFzcYv4YrfoTIxBeM=
github.com/nicolai86/instruments v0.0.0-20170630130909-a667d8f6e278/go.mod h1:zekRVIIgKbAom3Z/8V4/9TnPl9AmRsYLXdJQTOvH2GI=
github.com/olekukonko/tablewriter v0.0.0-20180506121414-d4647c9c7a84/go.mod h1:vsDQFd/mU46D+Z4whnwzcISnGGzXWMclvtLoiIKAKIo=
github.com/opencontainers/go-digest v1.0.0-rc1/go.mod h1:cMLVZDEM3+U2I4VmLI6N8jQYUd2OVphdqWwCJHrFt2s=
github.com/opencontainers/image-spec v1.0.1/go.mod h1:BtxoFyWECRxE4U/7sNtV5W15zMzWCbyJoFRP3s7yZA0=
github.com/opencontainers/runc v0.0.0-20180615140650-ad0f5255060d/go.mod h1:qT5XzbpPznkRYVz/mWwUaVBUv2rmF59PVA73FjuZG0U=
github.com/opentracing-contrib/go-observer v0.0.0-20170622124052-a52f23424492 h1:lM6RxxfUMrYL/f8bWEUqdXrANWtrL7Nndbm9iFN0DlU=
github.com/opentracing-contrib/go-observer v0.0.0-20170622124052-a52f23424492/go.mod h1:Ngi6UdF0k5OKD5t5wlmGhe/EDKPoUM3BXZSSfIuJbis=
github.com/opentracing-contrib/perfevents v0.0.0-20171011010702-a7a7e747782c/go.mod h1:erROd0wga5pbkZddA3gqBMz+BXOg6i0RbAM0haAwA0A=
github.com/opentracing/opentracing-go v1.0.2 h1:3jA2P6O1F9UOrWVpwrIo17pu01KWvNWg4X946/Y5Zwg=
github.com/opentracing/opentracing-go v1.0.2/go.mod h1:UkNAQd3GIcIGf0SeVgPpRdFStlNbqXla1AfSYxPUl2o=
github.com/openzipkin/zipkin-go-opentracing v0.3.4 h1:x/pBv/5VJNWkcHF1G9xqhug8Iw7X1y1zOMzDmyuvP2g=
github.com/openzipkin/zipkin-go-opentracing v0.3.4/go.mod h1:js2AbwmHW0YD9DwIw2JhQWmbfFi/UnWyYwdVhqbCDOE=
github.com/patrickmn/go-cache v2.1.0+incompatible h1:HRMgzkcYKYpi3C8ajMPV8OFXaaRUnok+kx1WdO15EQc=
github.com/patrickmn/go-cache v2.1.0+incompatible/go.mod h1:3Qf8kWWT7OJRJbdiICTKqZju1ZixQ/KpMGzzAfe6+WQ=
github.com/pelletier/go-toml v1.2.0 h1:T5zMGML61Wp+FlcbWjRDT7yAxhJNAiPPLOFECq181zc=
github.com/pelletier/go-toml v1.2.0/go.mod h1:5z9KED0ma1S8pY6P1sdut58dfprrGBbd/94hg7ilaic=
github.com/philhofer/fwd v1.0.0/go.mod h1:gk3iGcWd9+svBvR0sR+KPcfE+RNWozjowpeBVG3ZVNU=
github.com/pierrec/lz4 v2.0.2+incompatible h1:6spEXYEkGG74KeVRPzvSU0Fa3xO9DGO0bJcA6uIfwo8=
github.com/pierrec/lz4 v2.0.2+incompatible/go.mod h1:pdkljMzZIN41W+lC3N2tnIh5sFi+IEE17M5jbnwPHcY=
github.com/pkg/errors v0.8.0 h1:WdK/asTD0HN+q6hsWO3/vpuAkAr+tw6aNJNDFFf0+qw=
github.com/pkg/errors v0.8.0/go.mod h1:bwawxfHBFNV+L2hUp1rHADufV3IMtnDRdf1r5NINEl0=
github.com/pmezard/go-difflib v1.0.0 h1:4DBwDE0NGyQoBHbLQYPwSUPoCMWR5BEzIk/f1lZbAQM=
github.com/pmezard/go-difflib v1.0.0/go.mod h1:iKH77koFhYxTK1pcRnkKkqfTogsbg7gZNVY4sRDYZ/4=
github.com/rai-project/aws v0.0.0-20180619204045-deb7e5845946/go.mod h1:/MRd9F9jNbRXkq5KtcGB/cF+zuijiY2dOTg0vNsO9+s=
github.com/rai-project/cmd v0.0.0-20180621165429-16302904f749/go.mod h1:voMRF7J9OeV0H3rfmhdrcuq0Ea3ezkm4IYkcdeIOYj8=
github.com/rai-project/config v0.0.0-20180621142834-c84109ab2515 h1:UqQ0JWTEuGM+7akfKOYzye4WQG8gQE6TanwawBu2r9A=
github.com/rai-project/config v0.0.0-20180621142834-c84109ab2515/go.mod h1:6+up0OHiUi2x/4JJfGJfPzE5zb8SKcEfoqGdVtB/5Y4=
github.com/rai-project/cpu v0.0.0-20180619160704-17522ff24af5 h1:g94+lx3MBBmYazRgO1+I4Sa7cY1JJesA3pGB9voIpP8=
github.com/rai-project/cpu v0.0.0-20180619160704-17522ff24af5/go.mod h1:sIj8ErJsUXhj59mGJIW5gdL0GQ/LdmRDLYNPnt7svvw=
github.com/rai-project/database v0.0.0-20180621171344-1fb72edae240/go.mod h1:Qe09lEAZSghM+AS9+l88SxeZ26B2GAHZ0VEhFaJjE5E=
github.com/rai-project/dldataset v0.0.0-20180621172455-d6ee55e6087f h1:JC62RS58N6c0t+0k45Sti1PcvAz6xGmZHYLIsW3ld6A=
github.com/rai-project/dldataset v0.0.0-20180621172455-d6ee55e6087f/go.mod h1:QYScI2tPufsZJCRGp+BrwTr94l4SY4hcOjVLyobs7AM=
github.com/rai-project/dlframework v0.0.0-20180725175414-eb0b9937d67b h1:K+ZCQ75V9AqHgvxRoOXeWCSNoN11QWvuFfNRml+Nczk=
github.com/rai-project/dlframework v0.0.0-20180725175414-eb0b9937d67b/go.mod h1:agQLUoBA7YWd1i5sLntRwzAd6TwebPWK1bJEYYFrjfM=
github.com/rai-project/docker v0.0.0-20180621143638-e098713e07b2/go.mod h1:euF8zXHRFm0B0GTEP3z13Tl/anwyH2nE/2igbKNIUdI=
github.com/rai-project/downloadmanager v0.0.0-20180621174235-43c38f924f8c h1:zVNpMyn2ZM+wEr0rJ0nLu3v/FkL1gWJGhJXQ9JZyAx4=
github.com/rai-project/downloadmanager v0.0.0-20180621174235-43c38f924f8c/go.mod h1:o03mJkBdZB5zRmSIqWM8t3EowT1hN7d1B7ort9KMPG0=
github.com/rai-project/evaluation v0.0.0-20180622080919-cd41eb1b9706/go.mod h1:1ubwevRiuWLHlKPl5+yNqRbgcA68AXXT81TJowI0gAM=
github.com/rai-project/go-cupti v0.0.0-20180621180611-2344ad3955bc h1:Ad+fMKLQ+mF5kYbDa2luQEYcG/qL+Ba0dVNyrheswwc=
github.com/rai-project/go-cupti v0.0.0-20180621180611-2344ad3955bc/go.mod h1:BUzFGOVVxGROqZms58g8gtp8EoTgS/EzkhesD88x8us=
github.com/rai-project/go-libjpeg v0.0.0-20180619163804-a3eb81100bdb h1:lOLef8P9sg9L62kMpE4EbDzIjdO0T4cAJXbnZQ1cS6w=
github.com/rai-project/go-libjpeg v0.0.0-20180619163804-a3eb81100bdb/go.mod h1:kfWoFckYFKkwe6ukCrANcc9ULcOWZcDarKFbOq7kNJk=
github.com/rai-project/go-mxnet-predictor v0.0.0-20180724182338-311c8ef2fcfa h1:g2xrhzipOBMbkkb5bLOqIKbSimxNizCdOl0zHfdU9qg=
github.com/rai-project/go-mxnet-predictor v0.0.0-20180724182338-311c8ef2fcfa/go.mod h1:Ch3ECEaf6MeIKfZW6nTV/W5Smjev/jHdrfzQOTt2/SU=
github.com/rai-project/godotenv v0.0.0-20180619160704-a501614c3b8d h1:reVy+ViZcrx1ILo+L8wa3dGf6hSd4qlY62VqxZxEgWs=
github.com/rai-project/godotenv v0.0.0-20180619160704-a501614c3b8d/go.mod h1:91keR8FKb9xXErPghO6kMay+2MQb4g+gIZey/W/vv8w=
github.com/rai-project/googlecloud v0.0.0-20180621184128-222e3220bb95/go.mod h1:KWMfFaBr51H676XZmODMBpriGQT0GRJAEwlZW1AdKd0=
github.com/rai-project/grpc v0.0.0-20180621190012-588fc0280cbd h1:lceMuOlQFq+L87f8Z2hSEHgZEkH5MjlKOt22AV2zcwE=
github.com/rai-project/grpc v0.0.0-20180621190012-588fc0280cbd/go.mod h1:QWEcoNymu2LZ44tJcdh/2HL5UmpBYDcrB81NzL6mrzY=
github.com/rai-project/image v0.0.0-20180621190845-1711f3528cd5 h1:Fv/hQhyBJSfogSo31134/k6WJ0VEON8FYSqz2BGa8ds=
github.com/rai-project/image v0.0.0-20180621190845-1711f3528cd5/go.mod h1:iE3y2gxZlWmrTNR2OvDo+9cSQaLUbIw5I94XbrQWG20=
github.com/rai-project/ldcache v0.0.0-20180621191416-22e037149db5/go.mod h1:5ZdxUeE+jWB0UNS4OSc8rgjYUml6gyH7gG/LeQEs8lc=
github.com/rai-project/libkv v0.0.0-20180619160704-11c2565b618f h1:X/pPZExSNF9V1CbEf3z35sRLOmeBR7BE7oiQEwKehHE=
github.com/rai-project/libkv v0.0.0-20180619160704-11c2565b618f/go.mod h1:YWhnWAPsA6uGKWvRgdA2cvKHDhTwlMOdwlAARKrauPw=
github.com/rai-project/lock v0.0.0-20180622080151-b130309b0a2d h1:1kiHxfS9yWQVDl8hytboZufFwmYVGBxNJhL4J4M2cNo=
github.com/rai-project/lock v0.0.0-20180622080151-b130309b0a2d/go.mod h1:gs2S/WFVI4kFFPSuqNVW7swkDWO+6IxHrm2HHyaIBvk=
github.com/rai-project/logger v0.0.0-20180621145311-87ef1d21520e h1:L1Z1kwqKVccD2d1UP7LGAB1MBuW87gwHjx0BAHlqnpM=
github.com/rai-project/logger v0.0.0-20180621145311-87ef1d21520e/go.mod h1:aFDuHWECvho4yTAOeAgPjuLIeGiYrURMS16V//PDmi8=
github.com/rai-project/machine v0.0.0-20180621192151-83711e021afb h1:Mjg3zNRAdWePiLK/F33KNoaVGaUczFGTWJXAheja52A=
github.com/rai-project/machine v0.0.0-20180621192151-83711e021afb/go.mod h1:hpQ/gdAlZxaEMOg+wPPvWASs2USschFUMvLcIb5TYC8=
github.com/rai-project/model v0.0.0-20180621192645-5d9d8575908f/go.mod h1:hx0TDFVrPvbwjW3D4owd7xDTvDbPM7gTTgP+TvdMMR8=
github.com/rai-project/monitoring v0.0.0-20171102205001-498a6c4f3e85/go.mod h1:jBskh0XVIIvFPPIkv9qTZwQnAvSzJeST2/23BCDzbto=
github.com/rai-project/nvidia-smi v0.0.0-20180621213700-484ec7354c5b h1:PiL5Ee5+XAj1obRhqGYsYO6Z4eHAHhTts723KqSmuHw=
github.com/rai-project/nvidia-smi v0.0.0-20180621213700-484ec7354c5b/go.mod h1:4LLEYSw0LpRcuOwqSpyeMextz9hqvPE4TU6IGmkT2mA=
github.com/rai-project/nvml-go v0.0.0-20180621213930-c5552548d351/go.mod h1:CJGFmyw7djD///J5ZjKhETwrk/PPFct7xYIyqZF5EcU=
github.com/rai-project/parallel v0.0.0-20180621214635-93bd57f65359/go.mod h1:iY4gdyMbCVCMN6dfVIYcYG3elQ6+eXHIvuiYFmNoYuc=
github.com/rai-project/pipeline v0.0.0-20180621214846-7185c1935672 h1:+qXMVBJzQTaQi3jWEkzd1w9xARsSpIMChgzaR9Bs6Vo=
github.com/rai-project/pipeline v0.0.0-20180621214846-7185c1935672/go.mod h1:Nru4gVR0GQ0JIm709KgaAUz6dCxrpcgx6mkmutQocYI=
github.com/rai-project/registry v0.0.0-20180622075609-3ad7f8af17a1 h1:4YJfs0z4OQTLQIC0Jv7kYqQXN9/E9u3Xynqj3GgB8ag=
github.com/rai-project/registry v0.0.0-20180622075609-3ad7f8af17a1/go.mod h1:U/P5RDL8bw85DMGH30nu/1Ah8XlrwSwNmLBShRGuN8s=
github.com/rai-project/serializer v0.0.0-20180622004020-d4f68b69a997 h1:lmGIFQVfTe7Etgzdw/xQww8lifoJc2nT3i3wjgdLTCM=
github.com/rai-project/serializer v0.0.0-20180622004020-d4f68b69a997/go.mod h1:7XaCtNf+xikXPdvF9nNNgJ1Tv+ZAbJTSs8BV8w8gSL4=
github.com/rai-project/tegra v0.0.0-20180619160704-e67904ef854a/go.mod h1:Fj5aBtW50UAsFCeS9X/t0eoGJvMQAW4w4PDAuRtZLMc=
github.com/rai-project/tracer v0.0.0-20180621165423-1813199cbcd2 h1:0a8VGhOrzsMKi6g83Pu4UD72P1kOSp6TwBSxkQmwHzs=
github.com/rai-project/tracer v0.0.0-20180621165423-1813199cbcd2/go.mod h1:uKgyOoa8nXNUsgRF2TjKKcCRKidUt1hVQU1LT1Gmkuo=
github.com/rai-project/utils v0.0.0-20180621153904-1660f4e6c517 h1:rT2byfluG3u+8KC+8bFR+MGzxErfxrmHK9AOtopMiHQ=
github.com/rai-project/utils v0.0.0-20180621153904-1660f4e6c517/go.mod h1:I/Ti6TSU785mVLG5ybjSjFOnJI0u6IRjRVosnGbrFfg=
github.com/rai-project/uuid v0.0.0-20180621153108-9d1dfc0fdb4f h1:U8r2pJYVkdphz01TuK1xUQS+NcEYr/ZSkIEznPAHCM8=
github.com/rai-project/uuid v0.0.0-20180621153108-9d1dfc0fdb4f/go.mod h1:wFXPA+w9csecntZ8/dXTj/RDHnpAPirBVtsGQWgjmLk=
github.com/rai-project/vipertags v0.0.0-20180622071924-1ba1bde0b4ed h1:jdgAZFI3+r0RHNafCDyLRGUdRUxp5I4NGW/TqjMHpSk=
github.com/rai-project/vipertags v0.0.0-20180622071924-1ba1bde0b4ed/go.mod h1:+2KFcVdODWrMQkdYtv7MrXCTpW2RNKXZzO/RsvEQnWc=
github.com/rai-project/web v0.0.0-20180130213901-71757c019303/go.mod h1:muabS3Dhn0Hnb3NeqRwfoZULAPPHG4TyHng1O4F0mkw=
github.com/rainycape/dl v0.0.0-20151222075243-1b01514224a1/go.mod h1:lh74SQgfeEuNq74dKWzDLuVB+/ntX5c4g1oDyL4GkGg=
github.com/rcrowley/go-metrics v0.0.0-20180503174638-e2704e165165 h1:nkcn14uNmFEuGCb2mBZbBb24RdNRL08b/wb+xBOYpuk=
github.com/rcrowley/go-metrics v0.0.0-20180503174638-e2704e165165/go.mod h1:bCqnVzQkZxMG4s8nGwiZ5l3QUCyqpo9Y+/ZMZ9VjZe4=
github.com/russross/blackfriday v1.5.1/go.mod h1:JO/DiYxRf+HjHt06OyowR9PTA263kcR/rfWxYHBV53g=
github.com/samuel/go-zookeeper v0.0.0-20180130194729-c4fab1ac1bec h1:6ncX5ko6B9LntYM0YBRXkiSaZMmLYeZ/NWcmeB43mMY=
github.com/samuel/go-zookeeper v0.0.0-20180130194729-c4fab1ac1bec/go.mod h1:gi+0XIa01GRL2eRQVjQkKGqKF3SF9vZR/HnPullcV2E=
github.com/sebest/logrusly v0.0.0-20180315190218-3235eccb8edc/go.mod h1:9naouKoN/y/p7O5rwx0NPKfF0ILlcMpNFbbKAl4tUCE=
github.com/segmentio/go-loggly v0.5.0/go.mod h1:8zLRYR5npGjaOXgPSKat5+oOh+UHd8OdbS18iqX9F6Y=
github.com/shirou/gopsutil v0.0.0-20180524063240-eeb1d38d6959 h1:yZ00xUZXPS+k0gw8DKotdpJFlfUTySqHNsLF9QQdl6Q=
github.com/shirou/gopsutil v0.0.0-20180524063240-eeb1d38d6959/go.mod h1:5b4v6he4MtMOwMlS0TUMTu2PcXUg8+E1lC7eC3UO/RA=
github.com/sirupsen/logrus v1.0.5 h1:8c8b5uO0zS4X6RPl/sd1ENwSkIc0/H2PaHxE3udaE8I=
github.com/sirupsen/logrus v1.0.5/go.mod h1:pMByvHTf9Beacp5x1UXfOR9xyW/9antXMhjMPG0dEzc=
github.com/spf13/afero v1.1.1 h1:Lt3ihYMlE+lreX1GS4Qw4ZsNpYQLxIXKBTEOXm3nt6I=
github.com/spf13/afero v1.1.1/go.mod h1:j4pytiNVoe2o6bmDsKpLACNPDBIoEAkihy7loJ1B0CQ=
github.com/spf13/cast v1.2.0 h1:HHl1DSRbEQN2i8tJmtS6ViPyHx35+p51amrdsiTCrkg=
github.com/spf13/cast v1.2.0/go.mod h1:r2rcYCSwa1IExKTDiTfzaxqT2FNHs8hODu4LnUfgKEg=
github.com/spf13/cobra v0.0.0-20180531180338-1e58aa3361fd/go.mod h1:1l0Ry5zgKvJasoi3XT1TypsSe7PqH0Sj9dhYf7v3XqQ=
github.com/spf13/jwalterweatherman v0.0.0-20180109140146-7c0cea34c8ec h1:2ZXvIUGghLpdTVHR1UfvfrzoVlZaE/yOWC5LueIHZig=
github.com/spf13/jwalterweatherman v0.0.0-20180109140146-7c0cea34c8ec/go.mod h1:cQK4TGJAtQXfYWX+Ddv3mKDzgVb68N+wFjFa4jdeBTo=
github.com/spf13/pflag v1.0.1 h1:aCvUg6QPl3ibpQUxyLkrEkCHtPqYJL4x9AuhqVqFis4=
github.com/spf13/pflag v1.0.1/go.mod h1:DYY7MBk1bdzusC3SYhjObp+wFpr4gzcvqqNjLnInEg4=
github.com/spf13/viper v0.0.0-20180507071007-15738813a09d h1:pIz+bbPLk78K39d3u77IlNpJvpS/f0ao8n3sdy82eCs=
github.com/spf13/viper v0.0.0-20180507071007-15738813a09d/go.mod h1:A8kyI5cUJhb8N+3pkfONlcEcZbueH6nhAm0Fq7SrnBM=
github.com/stretchr/objx v0.1.1 h1:2vfRuCMp5sSVIDSqO8oNnWJq7mPa6KVP3iPIwFBuy8A=
github.com/stretchr/objx v0.1.1/go.mod h1:HFkY916IF+rwdDfMAkV7OtwuqBVzrE8GR6GFx+wExME=
github.com/stretchr/testify v1.2.2 h1:bSDNvY7ZPG5RlJ8otE/7V6gMiyenm9RtJ7IUVIAoJ1w=
github.com/stretchr/testify v1.2.2/go.mod h1:a8OnRcib4nhh0OaRAV+Yts87kKdq0PP7pXfy6kDkUVs=
github.com/tinylib/msgp v1.0.2/go.mod h1:+d+yLhGm8mzTaHzB+wgMYrodPfmZrzkirds8fDWklFE=
github.com/uber/jaeger v1.5.0/go.mod h1:pjbglQ497CGYSa0bedhbxuURQxJlj8Rirp1rOnJjwtE=
github.com/uber/jaeger-client-go v2.14.0+incompatible h1:1KGTNRby0tDiVDDhvzL0pz0N26M9DobVCfSqz4Z/UPc=
github.com/uber/jaeger-client-go v2.14.0+incompatible/go.mod h1:WVhlPFC8FDjOFMMWRy2pZqQJSXxYSwNYOkTr/Z6d3Kk=
github.com/uber/jaeger-lib v1.5.0 h1:OHbgr8l656Ub3Fw5k9SWnBfIEwvoHQ+W2y+Aa9D1Uyo=
github.com/uber/jaeger-lib v1.5.0/go.mod h1:ComeNDZlWwrWnDv8aPp0Ba6+uUTzImX/AauajbLI56U=
github.com/ugorji/go v1.1.1 h1:gmervu+jDMvXTbcHQ0pd2wee85nEoE0BsVyEuzkfK8w=
github.com/ugorji/go v1.1.1/go.mod h1:hnLbHMwcvSihnDhEfx2/BzKp2xb0Y+ErdfYcrs9tkJQ=
github.com/ulikunitz/xz v0.5.4 h1:zATC2OoZ8H1TZll3FpbX+ikwmadbO699PE06cIkm9oU=
github.com/ulikunitz/xz v0.5.4/go.mod h1:2bypXElzHzzJZwzH67Y6wb67pO62Rzfn7BSiF4ABRW8=
github.com/ulule/deepcopier v0.0.0-20171107155558-ca99b135e50f/go.mod h1:BNLmYJ8oMJPIPpNx5968jCyUhwEU1XT3YsuOqtbo5qo=
github.com/unixpickle/anydiff v0.0.0-20170906235721-55bea27bf48b h1:U+9s+xufqLStUmodapAc3zkC8El0M/7FOAzObA0Db7w=
github.com/unixpickle/anydiff v0.0.0-20170906235721-55bea27bf48b/go.mod h1:QFdVhTS3Qk4K5mHQ/L6feQLWvDKm5PWaZi/O9+JqBM0=
github.com/unixpickle/anynet v0.0.0-20170909172929-016782221a5a h1:FTMbCFEYoPoXHISWI/GOAI0zEffN6I6pjw2DBtQIoHM=
github.com/unixpickle/anynet v0.0.0-20170909172929-016782221a5a/go.mod h1:NJxKE749HJTJfiRLktBTeAQ9xGnjxyXUp49Td0dyxEg=
github.com/unixpickle/anyvec v0.0.0-20170908190750-59aa66ba0472 h1:eVBSKiY98Zth6cEYVzeu0CYagakYqbSWgpWqjZFiUvI=
github.com/unixpickle/anyvec v0.0.0-20170908190750-59aa66ba0472/go.mod h1:J8/OP49JgyTHn5uKE07cefW2JuFtEdp2qJkdSTIYlxc=
github.com/unixpickle/autofunc v0.0.0-20170112172612-f27a3f82164a h1:ZUrHljv3rPkFyTYzUmBH8gBFjDwCIHc4a2DdPCWRjl0=
github.com/unixpickle/autofunc v0.0.0-20170112172612-f27a3f82164a/go.mod h1:thbdLrlm+2HUBew3vmcoLjnvBChLZJjJ+MI+0fFCGto=
github.com/unixpickle/essentials v0.0.0-20180412160534-bca13a0bdff4 h1:SgjcmvVL5X8DFL6Wh9fzfv/+tVo3Dos4EgPmmA7HvHI=
github.com/unixpickle/essentials v0.0.0-20180412160534-bca13a0bdff4/go.mod h1:lrJ3sPtA3BLwJeUSU3/Fh4E3eK+HMap+5XEwEKc2Tb8=
github.com/unixpickle/mnist v0.0.0-20170128023510-751c4271cf3a h1:2YmEYdgEhFLhK7Y1TWyzenOz4dse4vhTH80Ro23R3eU=
github.com/unixpickle/mnist v0.0.0-20170128023510-751c4271cf3a/go.mod h1:+HmZVOcHx9Hrk93jxoOli/FaCP5yb++SGZjb0kUPiJM=
github.com/unixpickle/num-analysis v0.0.0-20161229165253-c45203c63047 h1:gipJz9DZGU3fgBjoaiNg+5CG9UdE7MmlBvSwNp1ulnY=
github.com/unixpickle/num-analysis v0.0.0-20161229165253-c45203c63047/go.mod h1:H8cj39+jSz2FWTCFLirQnioHeIp6/dpu0f9Vtn2LYas=
github.com/unixpickle/serializer v0.0.0-20170723202158-c6c092dc55bb h1:kdurEYFZ2P58xnfWtmxKWkVtFPyK80BMIaJ2zW5uskY=
github.com/unixpickle/serializer v0.0.0-20170723202158-c6c092dc55bb/go.mod h1:qhvhyFrwgTvmd19zCKjQTh8z7Doo5/nkt8EkDbR3pfQ=
github.com/unixpickle/sgd v0.0.0-20161225162810-0e3d4c9d317b h1:lzF94fjs3JzAzJyCY05DaLEkBvB1NS6HMklsPrV0TNw=
github.com/unixpickle/sgd v0.0.0-20161225162810-0e3d4c9d317b/go.mod h1:NAkFWJzZJ76FRVLIPJRLbsg4NDiQztqGRWSH6+dy/c8=
github.com/unixpickle/tensor v0.0.0-20170114180418-7295881ed12b h1:7/2IxaumaEYEhh+dUhmflBsF7qOGnuEIjZITRKGpfgQ=
github.com/unixpickle/tensor v0.0.0-20170114180418-7295881ed12b/go.mod h1:XVqlUHi0QCcLz2VwugmQ5CvzsP6Y1qAjDUXJw8HbCI0=
github.com/unixpickle/weakai v0.0.0-20170623211141-247102c87396 h1:CFkErmVS3DgtS/9sOvTIWy3a1f+2XiCVdYJzu4Ib5ok=
github.com/unixpickle/weakai v0.0.0-20170623211141-247102c87396/go.mod h1:Ld234/Ojvp1zf+aYkXXmj9/6dhuVu7uDDfb6kNIr6/s=
github.com/valyala/bytebufferpool v1.0.0/go.mod h1:6bBcMArwyJ5K/AmCkWv1jt77kVWyCJ6HpOuEn7z0Csc=
github.com/valyala/fasttemplate v0.0.0-20170224212429-dcecefd839c4/go.mod h1:50wTf68f99/Zt14pr046Tgt3Lp2vLyFZKzbFXTOabXw=
github.com/wercker/journalhook v0.0.0-20180428041537-5d0a5ae867b3/go.mod h1:XCsSkdKK4gwBMNrOCZWww0pX6AOt+2gYc5Z6jBRrNVg=
github.com/xordataexchange/crypt v0.0.0-20170626215501-b2862e3d0a77 h1:BUfWaGtsLex4DZgdo+vxCYR13ZKbGy3pZ0MlH6CUEPk=
github.com/xordataexchange/crypt v0.0.0-20170626215501-b2862e3d0a77/go.mod h1:aYKd//L2LvnjZzWKhF00oedf4jCCReLcmhLdhm1A27Q=
golang.org/x/crypto v0.0.0-20180621125126-a49355c7e3f8 h1:h7zdf0RiEvWbYBKIx4b+q41xoUVnMmvsGZnIVE5syG8=
golang.org/x/crypto v0.0.0-20180621125126-a49355c7e3f8/go.mod h1:6SG95UA2DQfeDnfUPMdvaQW0Q7yPrPDi9nlGo2tz2b4=
golang.org/x/image v0.0.0-20180601115456-af66defab954 h1:n7UB+yxe5jyWxOA3BTAfwi23lhfKEIddaB/so7YOYe0=
golang.org/x/image v0.0.0-20180601115456-af66defab954/go.mod h1:ux5Hcp/YLpHSI86hEcLt0YII63i6oz57MZXIpbrjZUs=
golang.org/x/net v0.0.0-20180621144259-afe8f62b1d6b h1:VgWwPFFrh6LyvObbug7TZtI8EX5zwx7WsS6Y4Bqezqo=
golang.org/x/net v0.0.0-20180621144259-afe8f62b1d6b/go.mod h1:mL1N/T3taQHkDXs73rZJwtUhF3w3ftmwwsq0BUmARs4=
golang.org/x/oauth2 v0.0.0-20180620175406-ef147856a6dd/go.mod h1:N/0e6XlmueqKjAGxoOufVs8QHGRruUQn6yWY3a++T0U=
golang.org/x/sync v0.0.0-20180314180146-1d60e4601c6f h1:wMNYb4v58l5UBM7MYRLPG6ZhfOqbKu7X5eyFl8ZhKvA=
golang.org/x/sync v0.0.0-20180314180146-1d60e4601c6f/go.mod h1:RxMgew5VJxzue5/jJTE5uejpjVlOe/izrB70Jof72aM=
golang.org/x/sys v0.0.0-20180622082034-63fc586f45fe h1:ay7inWg28/GEO1erz2KR0ywSgsw4yPHUw1egz2vGcN0=
golang.org/x/sys v0.0.0-20180622082034-63fc586f45fe/go.mod h1:STP8DvDyc/dI5b8T5hshtkjS+E42TnysNCUPdjciGhY=
golang.org/x/text v0.3.0 h1:g61tztE5qeGQ89tm6NTjjM9VPIm088od1l6aSorWRWg=
golang.org/x/text v0.3.0/go.mod h1:NqM8EUOU14njkJ3fqMW+pc6Ldnwhi/IjpwHt7yyuwOQ=
golang.org/x/time v0.0.0-20180412165947-fbb02b2291d2/go.mod h1:tRJNPiyCQ0inRvYxbN9jk5I+vvW/OXSQhTDSoE431IQ=
google.golang.org/api v0.0.0-20180621000839-3639d6d93f37/go.mod h1:4mhQ8q/RsB7i+udVvVy5NUi08OU8ZlA0gRVgrF7VFY0=
google.golang.org/appengine v1.1.0/go.mod h1:EbEs0AVv82hx2wNQdGPgUI5lhzA/G0D9YwlJXL52JkM=
google.golang.org/genproto v0.0.0-20180621235812-80063a038e33 h1:ECqAoHgIeu1vSTee2QoM8moQG9eBjUg+L8lKrgKC4Ig=
google.golang.org/genproto v0.0.0-20180621235812-80063a038e33/go.mod h1:JiN7NxoALGmiZfu7CAH4rXhgtRTLTxftemlI0sWmxmc=
google.golang.org/grpc v1.13.0 h1:bHIbVsCwmvbArgCJmLdgOdHFXlKqTOVjbibbS19cXHc=
google.golang.org/grpc v1.13.0/go.mod h1:yo6s7OP7yaDglbqo1J04qKzAhqBH6lvTonzMVmEdcZw=
gopkg.in/check.v1 v0.0.0-20161208181325-20d25e280405/go.mod h1:Co6ibVJAznAaIkqp8huTwlJQCZ016jof/cbN4VW5Yz0=
gopkg.in/cheggaaa/pb.v2 v2.0.0-20180521095606-2af8bbdea9e9/go.mod h1:0CiZ1p8pvtxBlQpLXkHuUTpdJ1shm3OqCF1QugkjHL4=
gopkg.in/fatih/set.v0 v0.1.0 h1:aaCY9PUgkH430Tl9sN6N5FqNeEfGgmPnGlY0r9WYZAE=
gopkg.in/fatih/set.v0 v0.1.0/go.mod h1:5eLWEndGL4zGGemXWrKuts+wTJR0y+w+auqUJZbmyBg=
gopkg.in/mgo.v2 v2.0.0-20160818020120-3f83fa500528 h1:/saqWwm73dLmuzbNhe92F0QsZ/KiFND+esHco2v1hiY=
gopkg.in/mgo.v2 v2.0.0-20160818020120-3f83fa500528/go.mod h1:yeKp02qBN3iKW1OzL3MGk2IdtZzaj7SFntXj72NppTA=
gopkg.in/yaml.v2 v2.2.1 h1:mUhvW9EsL+naU5Q3cakzfE91YhliOondGd6ZrsDBHQE=
gopkg.in/yaml.v2 v2.2.1/go.mod h1:hI93XBmqTisBFMUTm0b8Fm+jr3Dg1NNxqwp+5A1VGuI=
upper.io/db.v3 v3.5.3+incompatible/go.mod h1:FgTdD24eBjJAbPKsQSiHUNgXjOR4Lub3u1UMHSIh82Y=
