# This file is autogenerated, do not edit; changes may be undone by the next 'dep ensure'.


[[projects]]
  name = "cloud.google.com/go"
  packages = ["compute/metadata"]
  revision = "777200caa7fb8936aed0f12b1fd79af64cc83ec9"
  version = "v0.24.0"

[[projects]]
  branch = "master"
  name = "github.com/Azure/go-ansiterm"
  packages = [
    ".",
    "winterm"
  ]
  revision = "d6e3b3328b783f23731bc4d058875b0371ff8109"

[[projects]]
  branch = "master"
  name = "github.com/GeertJohan/go-sourcepath"
  packages = ["."]
  revision = "83e8b8723a9bf39481216e80575f4854c63ece4a"

[[projects]]
  branch = "master"
  name = "github.com/GeertJohan/go.rice"
  packages = [
    ".",
    "embedded"
  ]
  revision = "c02ca9a983da5807ddf7d796784928f5be4afd09"

[[projects]]
  name = "github.com/Masterminds/semver"
  packages = ["."]
  revision = "c7af12943936e8c39859482e61f0574c2fd7fc75"
  version = "v1.4.2"

[[projects]]
  name = "github.com/Microsoft/go-winio"
  packages = ["."]
  revision = "7da180ee92d8bd8bb8c37fc560e673e6557c392f"
  version = "v0.4.7"

[[projects]]
  branch = "master"
  name = "github.com/Nvveen/Gotty"
  packages = ["."]
  revision = "cd527374f1e5bff4938207604a14f2e38a9cf512"

[[projects]]
  name = "github.com/Shopify/sarama"
  packages = ["."]
  revision = "35324cf48e33d8260e1c7c18854465a904ade249"
  version = "v1.17.0"

[[projects]]
  name = "github.com/StackExchange/wmi"
  packages = ["."]
  revision = "5d049714c4a64225c3c79a7cf7d02f7fb5b96338"
  version = "1.0.0"

[[projects]]
  name = "github.com/Unknwon/com"
  packages = ["."]
  revision = "28b053d5a2923b87ce8c5a08f3af779894a72758"
  version = "v1"

[[projects]]
  branch = "master"
  name = "github.com/VividCortex/ewma"
  packages = ["."]
  revision = "43880d236f695d39c62cf7aa4ebd4508c258e6c0"

[[projects]]
  branch = "master"
  name = "github.com/VividCortex/robustly"
  packages = ["."]
  revision = "6d4b5835c602cfa84eac0ff03021de37983cdaeb"

[[projects]]
  name = "github.com/anthonynsimon/bild"
  packages = ["parallel"]
  revision = "35fd1904d43f809ded0959922164885e25577aa2"
  version = "v0.10.0"

[[projects]]
  branch = "master"
  name = "github.com/apache/thrift"
  packages = ["lib/go/thrift"]
  revision = "f2867c24984aa53edec54a138c03db934221bdea"

[[projects]]
  branch = "master"
  name = "github.com/armon/consul-api"
  packages = ["."]
  revision = "eb2c6b5be1b66bab83016e0b05f01b8d5496ffbd"

[[projects]]
  name = "github.com/awalterschulze/gographviz"
  packages = [
    ".",
    "ast",
    "internal/errors",
    "internal/lexer",
    "internal/parser",
    "internal/token"
  ]
  revision = "c84395e536e1a1199093a4e6253d1bee99e4cd2a"
  version = "v2.0"

[[projects]]
  name = "github.com/aws/aws-sdk-go"
  packages = [
    "aws",
    "aws/awserr",
    "aws/awsutil",
    "aws/client",
    "aws/client/metadata",
    "aws/corehandlers",
    "aws/credentials",
    "aws/credentials/ec2rolecreds",
    "aws/credentials/endpointcreds",
    "aws/credentials/stscreds",
    "aws/csm",
    "aws/defaults",
    "aws/ec2metadata",
    "aws/endpoints",
    "aws/request",
    "aws/session",
    "aws/signer/v4",
    "internal/sdkio",
    "internal/sdkrand",
    "internal/shareddefaults",
    "private/protocol",
    "private/protocol/eventstream",
    "private/protocol/eventstream/eventstreamapi",
    "private/protocol/json/jsonutil",
    "private/protocol/jsonrpc",
    "private/protocol/query",
    "private/protocol/query/queryutil",
    "private/protocol/rest",
    "private/protocol/restxml",
    "private/protocol/xml/xmlutil",
    "service/kinesis",
    "service/s3",
    "service/sts"
  ]
  revision = "e79e9fd4ec11ccc242a472f980be78830f9eba80"
  version = "v1.14.13"

[[projects]]
  branch = "master"
  name = "github.com/bamiaux/rez"
  packages = ["."]
  revision = "29f4463c688b986c11f166b12734f69b58b5555f"

[[projects]]
  branch = "master"
  name = "github.com/bgentry/go-netrc"
  packages = ["netrc"]
  revision = "9fd32a8b3d3d3f9d43c341bfe098430e07609480"

[[projects]]
  name = "github.com/boltdb/bolt"
  packages = ["."]
  revision = "2f1ce7a837dcb8da3ec595b1dac9d0632f0f99e8"
  version = "v1.3.1"

[[projects]]
  branch = "master"
  name = "github.com/bugsnag/osext"
  packages = ["."]
  revision = "0dd3f918b21bec95ace9dc86c7e70266cfc5c702"

[[projects]]
  branch = "master"
  name = "github.com/carlescere/scheduler"
  packages = ["."]
  revision = "ee74d2f83d82cd1d2e92ed3ec3dbaf162ca5ece5"

[[projects]]
  name = "github.com/cenkalti/backoff"
  packages = ["."]
  revision = "2ea60e5f094469f9e65adb9cd103795b73ae743e"
  version = "v2.0.0"

[[projects]]
  branch = "master"
  name = "github.com/cockroachdb/cmux"
  packages = ["."]
  revision = "30d10be492927e2dcae0089c374c455d42414fcb"

[[projects]]
  branch = "master"
  name = "github.com/codahale/hdrhistogram"
  packages = ["."]
  revision = "3a0bb77429bd3a61596f5e8a3172445844342120"

[[projects]]
  branch = "master"
  name = "github.com/containerd/continuity"
  packages = ["pathdriver"]
  revision = "246e49050efdf45e8f17fbbcf1547ee376f9939e"

[[projects]]
  name = "github.com/coreos/etcd"
  packages = [
    "client",
    "pkg/pathutil",
    "pkg/srv",
    "pkg/types",
    "version"
  ]
  revision = "33245c6b5b49130ca99280408fadfab01aac0e48"
  version = "v3.3.8"

[[projects]]
  name = "github.com/coreos/go-semver"
  packages = ["semver"]
  revision = "8ab6407b697782a06568d4b7f1db25550ec2e4c6"
  version = "v0.2.0"

[[projects]]
  name = "github.com/coreos/go-systemd"
  packages = [
    "activation",
    "journal"
  ]
  revision = "39ca1b05acc7ad1220e09f133283b8859a8b71ab"
  version = "v17"

[[projects]]
  name = "github.com/cpuguy83/go-md2man"
  packages = ["md2man"]
  revision = "20f5889cbdc3c73dbd2862796665e7c465ade7d1"
  version = "v1.0.8"

[[projects]]
  branch = "master"
  name = "github.com/daaku/go.zipexe"
  packages = ["."]
  revision = "a5fe2436ffcb3236e175e5149162b41cd28bd27d"

[[projects]]
  name = "github.com/davecgh/go-spew"
  packages = ["spew"]
  revision = "346938d642f2ec3594ed81d874461961cd0faa76"
  version = "v1.1.0"

[[projects]]
  branch = "master"
  name = "github.com/docker/distribution"
  packages = [
    "digestset",
    "reference"
  ]
  revision = "749f6afb4572201e3c37325d0ffedb6f32be8950"

[[projects]]
  branch = "master"
  name = "github.com/docker/docker"
  packages = [
    "api",
    "api/types",
    "api/types/blkiodev",
    "api/types/container",
    "api/types/events",
    "api/types/filters",
    "api/types/image",
    "api/types/mount",
    "api/types/network",
    "api/types/registry",
    "api/types/strslice",
    "api/types/swarm",
    "api/types/swarm/runtime",
    "api/types/time",
    "api/types/versions",
    "api/types/volume",
    "client",
    "pkg/archive",
    "pkg/fileutils",
    "pkg/idtools",
    "pkg/ioutils",
    "pkg/jsonmessage",
    "pkg/longpath",
    "pkg/mount",
    "pkg/pools",
    "pkg/progress",
    "pkg/signal",
    "pkg/stdcopy",
    "pkg/streamformatter",
    "pkg/system",
    "pkg/term",
    "pkg/term/windows"
  ]
  revision = "af626ba08a4e11b0e140e7512ac2740b09833c29"

[[projects]]
  branch = "master"
  name = "github.com/docker/go-connections"
  packages = [
    "nat",
    "sockets",
    "tlsconfig"
  ]
  revision = "7395e3f8aa162843a74ed6d48e79627d9792ac55"

[[projects]]
  branch = "master"
  name = "github.com/docker/go-plugins-helpers"
  packages = [
    "sdk",
    "volume"
  ]
  revision = "61cb8e2334204460162c8bd2417cd43cb71da66f"

[[projects]]
  name = "github.com/docker/go-units"
  packages = ["."]
  revision = "47565b4f722fb6ceae66b95f853feed578a4a51c"
  version = "v0.3.3"

[[projects]]
  branch = "master"
  name = "github.com/dustin/go-humanize"
  packages = ["."]
  revision = "02af3965c54e8cacf948b97fef38925c4120652c"

[[projects]]
  name = "github.com/eapache/go-resiliency"
  packages = ["breaker"]
  revision = "ea41b0fad31007accc7f806884dcdf3da98b79ce"
  version = "v1.1.0"

[[projects]]
  branch = "master"
  name = "github.com/eapache/go-xerial-snappy"
  packages = ["."]
  revision = "bb955e01b9346ac19dc29eb16586c90ded99a98c"

[[projects]]
  name = "github.com/eapache/queue"
  packages = ["."]
  revision = "44cc805cf13205b55f69e14bcb69867d1ae92f98"
  version = "v1.1.0"

[[projects]]
  name = "github.com/elazarl/go-bindata-assetfs"
  packages = ["."]
  revision = "30f82fa23fd844bd5bb1e5f216db87fd77b5eb43"
  version = "v1.0.0"

[[projects]]
  name = "github.com/evalphobia/logrus_fluent"
  packages = ["."]
  revision = "76779e73f35d90f5a873e7feaf6691999b2c5db4"
  version = "v0.4.0"

[[projects]]
  name = "github.com/evalphobia/logrus_kinesis"
  packages = ["."]
  revision = "428603df186e780ba1e055a1c8421881494d0e77"
  version = "v0.2.0"

[[projects]]
  branch = "master"
  name = "github.com/facebookgo/freeport"
  packages = ["."]
  revision = "d4adf43b75b9357dc7775f033e807a3411591522"

[[projects]]
  branch = "master"
  name = "github.com/facebookgo/stack"
  packages = ["."]
  revision = "751773369052141c013c6e827a71e8f35c07879c"

[[projects]]
  name = "github.com/fatih/color"
  packages = ["."]
  revision = "5b77d2a35fb0ede96d138fc9a99f5c9b6aef11b4"
  version = "v1.7.0"

[[projects]]
  name = "github.com/fatih/structs"
  packages = ["."]
  revision = "a720dfa8df582c51dee1b36feabb906bde1588bd"
  version = "v1.0"

[[projects]]
  name = "github.com/fluent/fluent-logger-golang"
  packages = ["fluent"]
  revision = "8bbc2356beaf021b04c9bd5cdc76ea5a7ccb40ec"
  version = "v1.3.0"

[[projects]]
  name = "github.com/fsnotify/fsnotify"
  packages = ["."]
  revision = "c2828203cd70a50dcccfb2761f8b1f8ceef9a8e9"
  version = "v1.4.7"

[[projects]]
  branch = "master"
  name = "github.com/gbbr/memstats"
  packages = ["."]
  revision = "3f4151ce318958e8b922bd908b74cdbc6619cabf"

[[projects]]
  name = "github.com/go-ini/ini"
  packages = ["."]
  revision = "06f5f3d67269ccec1fe5fe4134ba6e982984f7f5"
  version = "v1.37.0"

[[projects]]
  name = "github.com/go-logfmt/logfmt"
  packages = ["."]
  revision = "390ab7935ee28ec6b286364bba9b4dd6410cb3d5"
  version = "v0.3.0"

[[projects]]
  name = "github.com/go-ole/go-ole"
  packages = [
    ".",
    "oleutil"
  ]
  revision = "a41e3c4b706f6ae8dfbff342b06e40fa4d2d0506"
  version = "v1.2.1"

[[projects]]
  name = "github.com/gogo/protobuf"
  packages = [
    "gogoproto",
    "jsonpb",
    "proto",
    "protoc-gen-gogo/descriptor",
    "sortkeys",
    "types"
  ]
  revision = "1adfc126b41513cc696b209667c8656ea7aac67c"
  version = "v1.0.0"

[[projects]]
  branch = "master"
  name = "github.com/golang/protobuf"
  packages = [
    "jsonpb",
    "proto",
    "protoc-gen-go/descriptor",
    "ptypes",
    "ptypes/any",
    "ptypes/duration",
    "ptypes/struct",
    "ptypes/timestamp"
  ]
  revision = "9eb2c01ac278a5d89ce4b2be68fe4500955d8179"

[[projects]]
  branch = "master"
  name = "github.com/golang/snappy"
  packages = ["."]
  revision = "2e65f85255dbc3072edf28d6b5b8efc472979f5a"

[[projects]]
  branch = "master"
  name = "github.com/gonum/blas"
  packages = [
    ".",
    "blas32",
    "blas64",
    "native",
    "native/internal/math32"
  ]
  revision = "e7c5890b24cf6f3bb173f76e1bd71e80e887e3f9"

[[projects]]
  branch = "master"
  name = "github.com/gonum/internal"
  packages = [
    "asm/f32",
    "asm/f64"
  ]
  revision = "fda53f8d25717c07e2dac25758075a182bd74235"

[[projects]]
  branch = "master"
  name = "github.com/google/go-querystring"
  packages = ["query"]
  revision = "53e6ce116135b80d037921a7fdd5138cf32d7a8a"

[[projects]]
  name = "github.com/google/gops"
  packages = [
    "agent",
    "internal",
    "signal"
  ]
  revision = "0e2aa5d22efec1603f7ded7097c500e9a36a13b3"
  version = "v0.3.3"

[[projects]]
  name = "github.com/grpc-ecosystem/go-grpc-middleware"
  packages = [
    ".",
    "logging",
    "logging/logrus",
    "logging/logrus/ctxlogrus",
    "recovery",
    "tags",
    "tags/logrus",
    "util/metautils"
  ]
  revision = "c250d6563d4d4c20252cd865923440e829844f4e"
  version = "v1.0.0"

[[projects]]
  name = "github.com/grpc-ecosystem/grpc-gateway"
  packages = [
    "runtime",
    "runtime/internal",
    "utilities"
  ]
  revision = "92583770e3f01b09a0d3e9bdf64321d8bebd48f2"
  version = "v1.4.1"

[[projects]]
  name = "github.com/hashicorp/consul"
  packages = ["api"]
  revision = "5174058f0d2bda63fa5198ab96c33d9a909c58ed"
  version = "v1.1.0"

[[projects]]
  branch = "master"
  name = "github.com/hashicorp/go-cleanhttp"
  packages = ["."]
  revision = "d5fe4b57a186c716b0e00b8c301cbd9b4182694d"

[[projects]]
  branch = "master"
  name = "github.com/hashicorp/go-getter"
  packages = [
    ".",
    "helper/url"
  ]
  revision = "3f60ec5cfbb2a39731571b9ddae54b303bb0a969"

[[projects]]
  branch = "master"
  name = "github.com/hashicorp/go-rootcerts"
  packages = ["."]
  revision = "6bb64b370b90e7ef1fa532be9e591a81c3493e00"

[[projects]]
  branch = "master"
  name = "github.com/hashicorp/go-safetemp"
  packages = ["."]
  revision = "b1a1dbde6fdc11e3ae79efd9039009e22d4ae240"

[[projects]]
  branch = "master"
  name = "github.com/hashicorp/go-version"
  packages = ["."]
  revision = "23480c0665776210b5fbbac6eaaee40e3e6a96b7"

[[projects]]
  branch = "master"
  name = "github.com/hashicorp/hcl"
  packages = [
    ".",
    "hcl/ast",
    "hcl/parser",
    "hcl/printer",
    "hcl/scanner",
    "hcl/strconv",
    "hcl/token",
    "json/parser",
    "json/scanner",
    "json/token"
  ]
  revision = "ef8a98b0bbce4a65b5aa4c368430a80ddc533168"

[[projects]]
  name = "github.com/hashicorp/serf"
  packages = ["coordinate"]
  revision = "d6574a5bb1226678d7010325fb6c985db20ee458"
  version = "v0.8.1"

[[projects]]
  branch = "master"
  name = "github.com/ianlancetaylor/cgosymbolizer"
  packages = ["."]
  revision = "f5072df9c550dc687157e5d7efb50825cdf8f0eb"

[[projects]]
  branch = "master"
  name = "github.com/ianlancetaylor/demangle"
  packages = ["."]
  revision = "fc6590592b44fedfff586c5d94647c090fbd6bac"

[[projects]]
  name = "github.com/imdario/mergo"
  packages = ["."]
  revision = "9316a62528ac99aaecb4e47eadd6dc8aa6533d58"
  version = "v0.3.5"

[[projects]]
  name = "github.com/inconshreveable/mousetrap"
  packages = ["."]
  revision = "76626ae9c91c4f2a10f34cad8ce83ea42c93bb75"
  version = "v1.0"

[[projects]]
  branch = "master"
  name = "github.com/intel-go/cpuid"
  packages = ["."]
  revision = "ec7157e9698925f3ed066c1eeecb7059e0c3422e"

[[projects]]
  name = "github.com/jmespath/go-jmespath"
  packages = ["."]
  revision = "0b12d6b5"

[[projects]]
  name = "github.com/json-iterator/go"
  packages = ["."]
  revision = "ca39e5af3ece67bbcda3d0f4f56a8e24d9f2dad4"
  version = "1.1.3"

[[projects]]
  branch = "master"
  name = "github.com/junegunn/go-shellwords"
  packages = ["."]
  revision = "02e3cf038dcea8290e44424da473dd12be796a8a"

[[projects]]
  name = "github.com/k0kubun/pp"
  packages = ["."]
  revision = "027a6d1765d673d337e687394dbe780dd64e2a1e"
  version = "v2.3.0"

[[projects]]
  branch = "master"
  name = "github.com/kardianos/osext"
  packages = ["."]
  revision = "ae77be60afb1dcacde03767a8c37337fad28ac14"

[[projects]]
  name = "github.com/klauspost/shutdown2"
  packages = ["."]
  revision = "d72d32c5c226b5e1b8b46d8a3fe86b0b6e88bbb7"
  version = "v1.0.4"

[[projects]]
  branch = "master"
  name = "github.com/knq/jwt"
  packages = [
    ".",
    "bearer",
    "gserviceaccount"
  ]
  revision = "b171e76ef80432a5f261ff6e695b63bbdb17e2c8"

[[projects]]
  branch = "master"
  name = "github.com/knq/pemutil"
  packages = ["."]
  revision = "a6a7785bc45acb2584f823861c3ad9a70e04f787"

[[projects]]
  branch = "master"
  name = "github.com/knq/sdhook"
  packages = ["."]
  revision = "7a285b4a65ce116fae73281c456d26c763ee181d"

[[projects]]
  branch = "master"
  name = "github.com/kr/logfmt"
  packages = ["."]
  revision = "b84e30acd515aadc4b783ad4ff83aff3299bdfe0"

[[projects]]
  name = "github.com/labstack/echo"
  packages = ["."]
  revision = "6d227dfea4d2e52cb76856120b3c17f758139b4e"
  version = "3.3.5"

[[projects]]
  name = "github.com/labstack/gommon"
  packages = [
    "color",
    "log"
  ]
  revision = "d6898124de917583f5ff5592ef931d1dfe0ddc05"
  version = "0.2.6"

[[projects]]
  name = "github.com/levigross/grequests"
  packages = ["."]
  revision = "3f92c0acb6cd7f2b11aa81f82a33783249fc1bcd"
  version = "0.9"

[[projects]]
  name = "github.com/magiconair/properties"
  packages = ["."]
  revision = "c2353362d570a7bfa228149c62842019201cfb71"
  version = "v1.8.0"

[[projects]]
  branch = "master"
  name = "github.com/mailru/easyjson"
  packages = [
    ".",
    "buffer",
    "jlexer",
    "jwriter"
  ]
  revision = "3fdea8d05856a0c8df22ed4bc71b3219245e4485"

[[projects]]
  name = "github.com/mattn/go-colorable"
  packages = ["."]
  revision = "167de6bfdfba052fa6b2d3664c8f5272e23c9072"
  version = "v0.0.9"

[[projects]]
  name = "github.com/mattn/go-isatty"
  packages = ["."]
  revision = "0360b2af4f38e8d38c7fce2a9f4e702702d73a39"
  version = "v0.0.3"

[[projects]]
  name = "github.com/mattn/go-runewidth"
  packages = ["."]
  revision = "9e777a8366cce605130a531d2cd6363d07ad7317"
  version = "v0.0.2"

[[projects]]
  branch = "master"
  name = "github.com/mitchellh/go-homedir"
  packages = ["."]
  revision = "3864e76763d94a6df2f9960b16a20a33da9f9a66"

[[projects]]
  branch = "master"
  name = "github.com/mitchellh/go-testing-interface"
  packages = ["."]
  revision = "a61a99592b77c9ba629d254a693acffaeb4b7e28"

[[projects]]
  branch = "master"
  name = "github.com/mitchellh/mapstructure"
  packages = ["."]
  revision = "bb74f1db0675b241733089d5a1faa5dd8b0ef57b"

[[projects]]
  name = "github.com/modern-go/concurrent"
  packages = ["."]
  revision = "bacd9c7ef1dd9b15be4a9909b8ac7a4e313eec94"
  version = "1.0.3"

[[projects]]
  name = "github.com/modern-go/reflect2"
  packages = ["."]
  revision = "1df9eeb2bb81f327b96228865c5687bc2194af3f"
  version = "1.0.0"

[[projects]]
  branch = "master"
  name = "github.com/nicolai86/instruments"
  packages = ["."]
  revision = "a667d8f6e278892ccc3bc78f7fc6a6364fd68124"

[[projects]]
  branch = "master"
  name = "github.com/olekukonko/tablewriter"
  packages = ["."]
  revision = "d4647c9c7a84d847478d890b816b7d8b62b0b279"

[[projects]]
  name = "github.com/opencontainers/go-digest"
  packages = ["."]
  revision = "279bed98673dd5bef374d3b6e4b09e2af76183bf"
  version = "v1.0.0-rc1"

[[projects]]
  name = "github.com/opencontainers/image-spec"
  packages = [
    "specs-go",
    "specs-go/v1"
  ]
  revision = "d60099175f88c47cd379c4738d158884749ed235"
  version = "v1.0.1"

[[projects]]
  branch = "master"
  name = "github.com/opencontainers/runc"
  packages = [
    "libcontainer/system",
    "libcontainer/user"
  ]
  revision = "ad0f5255060d36872be04de22f8731f38ef2d7b1"

[[projects]]
  branch = "master"
  name = "github.com/opentracing-contrib/go-observer"
  packages = ["."]
  revision = "a52f2342449246d5bcc273e65cbdcfa5f7d6c63c"

[[projects]]
  branch = "master"
  name = "github.com/opentracing-contrib/perfevents"
  packages = ["go"]
  revision = "a7a7e747782c021caa5c44ef98157f761bf56970"

[[projects]]
  name = "github.com/opentracing/opentracing-go"
  packages = [
    ".",
    "ext",
    "log"
  ]
  revision = "1949ddbfd147afd4d964a9f00b24eb291e0e7c38"
  version = "v1.0.2"

[[projects]]
  name = "github.com/openzipkin/zipkin-go-opentracing"
  packages = [
    ".",
    "flag",
    "thrift/gen-go/scribe",
    "thrift/gen-go/zipkincore",
    "types",
    "wire"
  ]
  revision = "26cf9707480e6b90e5eff22cf0bbf05319154232"
  version = "v0.3.4"

[[projects]]
  name = "github.com/patrickmn/go-cache"
  packages = ["."]
  revision = "a3647f8e31d79543b2d0f0ae2fe5c379d72cedc0"
  version = "v2.1.0"

[[projects]]
  name = "github.com/pelletier/go-toml"
  packages = ["."]
  revision = "c01d1270ff3e442a8a57cddc1c92dc1138598194"
  version = "v1.2.0"

[[projects]]
  name = "github.com/philhofer/fwd"
  packages = ["."]
  revision = "bb6d471dc95d4fe11e432687f8b70ff496cf3136"
  version = "v1.0.0"

[[projects]]
  name = "github.com/pierrec/lz4"
  packages = [
    ".",
    "internal/xxh32"
  ]
  revision = "6b9367c9ff401dbc54fabce3fb8d972e799b702d"
  version = "v2.0.2"

[[projects]]
  name = "github.com/pkg/errors"
  packages = ["."]
  revision = "645ef00459ed84a119197bfb8d8205042c6df63d"
  version = "v0.8.0"

[[projects]]
  name = "github.com/pmezard/go-difflib"
  packages = ["difflib"]
  revision = "792786c7400a136282c1664665ae0a8db921c6c2"
  version = "v1.0.0"

[[projects]]
  branch = "master"
  name = "github.com/rai-project/aws"
  packages = ["."]
  revision = "deb7e58459467392822a2822f2e193f9ccfdd68f"

[[projects]]
  branch = "master"
  name = "github.com/rai-project/cmd"
  packages = ["."]
  revision = "16302904f7491e7777d69d621770f12ed9b6788f"

[[projects]]
  branch = "master"
  name = "github.com/rai-project/config"
  packages = ["."]
  revision = "c84109ab2515e922a25930ea437d20d2e86d1840"

[[projects]]
  branch = "master"
  name = "github.com/rai-project/cpu"
  packages = ["cpuid"]
  revision = "17522ff24af5fb1d504409c5c7b6abfa80e8a06d"

[[projects]]
  branch = "master"
  name = "github.com/rai-project/database"
  packages = [
    ".",
    "mongodb"
  ]
  revision = "1fb72edae24039b283c1341ed855404136a30559"

[[projects]]
  branch = "master"
  name = "github.com/rai-project/dldataset"
  packages = [
    ".",
    "reader",
    "vision"
  ]
  revision = "d6ee55e6087fd967d088465c96f656fe2f142cb8"

[[projects]]
  name = "github.com/rai-project/dlframework"
  packages = [
    ".",
    "framework",
    "framework/agent",
    "framework/cmd",
    "framework/cmd/server",
    "framework/options",
    "framework/predict",
    "steps"
  ]
  revision = "eb0b9937d67b6bf363b1d177284d6c050e698821"

[[projects]]
  branch = "master"
  name = "github.com/rai-project/docker"
  packages = [
    ".",
    "cuda"
  ]
  revision = "e098713e07b2ce008502edeeeac538f337adc43a"

[[projects]]
  branch = "master"
  name = "github.com/rai-project/downloadmanager"
  packages = ["."]
  revision = "43c38f924f8c2553663dd4e150cc9bfb635dfbe9"

[[projects]]
  branch = "master"
  name = "github.com/rai-project/evaluation"
  packages = [
    ".",
    "cmd",
    "eventflow"
  ]
  revision = "cd41eb1b97067a47b951a2bce5765d4307b87576"

[[projects]]
  branch = "master"
  name = "github.com/rai-project/go-cupti"
  packages = [
    ".",
    "types"
  ]
  revision = "2344ad3955bc9bd7f981183f3c2329c68dd386c8"

[[projects]]
  branch = "master"
  name = "github.com/rai-project/go-libjpeg"
  packages = ["."]
  revision = "a3eb81100bdb1b634dce526e43ea57aa80bf4f0d"

[[projects]]
  branch = "master"
  name = "github.com/rai-project/go-mxnet-predictor"
  packages = ["mxnet"]
  revision = "311c8ef2fcfabf49e90c56d6fe0fe77e77a57307"

[[projects]]
  branch = "master"
  name = "github.com/rai-project/godotenv"
  packages = ["."]
  revision = "a501614c3b8d510e2ae9a92ffa9477d880a48157"

[[projects]]
  branch = "master"
  name = "github.com/rai-project/googlecloud"
  packages = ["."]
  revision = "222e3220bb9594a3df8395a39542322cf9152a3b"

[[projects]]
  branch = "master"
  name = "github.com/rai-project/grpc"
  packages = ["."]
  revision = "588fc0280cbd434fe9111e13c99fa4b4cbfc584a"

[[projects]]
  branch = "master"
  name = "github.com/rai-project/image"
  packages = [
    ".",
    "asm",
    "types"
  ]
  revision = "1711f3528cd592e2351e61a35b7f8e11ea348866"

[[projects]]
  branch = "master"
  name = "github.com/rai-project/ldcache"
  packages = ["."]
  revision = "22e037149db5f62391e7ac9ccd103dcfde3d7459"

[[projects]]
  branch = "master"
  name = "github.com/rai-project/libkv"
  packages = [
    ".",
    "store",
    "store/boltdb",
    "store/consul",
    "store/etcd",
    "store/mock",
    "store/zookeeper"
  ]
  revision = "11c2565b618ffc9a85fd1842155c9a3d85422bd4"

[[projects]]
  branch = "master"
  name = "github.com/rai-project/lock"
  packages = [
    ".",
    "registry"
  ]
  revision = "b130309b0a2d40bd5e1b07e7687c051467ae3ee4"

[[projects]]
  branch = "master"
  name = "github.com/rai-project/logger"
  packages = [
    ".",
    "hooks",
    "hooks/logruzio"
  ]
  revision = "87ef1d21520e8fc2ba204a431318d27a6606ca0a"

[[projects]]
  branch = "master"
  name = "github.com/rai-project/machine"
  packages = ["os"]
  revision = "83711e021afbeba064de8c56219d7ee1ebeaabd5"

[[projects]]
  branch = "master"
  name = "github.com/rai-project/model"
  packages = ["."]
  revision = "5d9d8575908f0d80fd01ea1f3fd61a3982b4aaef"

[[projects]]
  branch = "master"
  name = "github.com/rai-project/monitoring"
  packages = ["monitors"]
  revision = "498a6c4f3e85d1ea02b2fbd95c24baf6c2fbadce"

[[projects]]
  branch = "master"
  name = "github.com/rai-project/nvidia-smi"
  packages = ["."]
  revision = "484ec7354c5b4045169aa6546fc0fbfc6417a434"

[[projects]]
  branch = "master"
  name = "github.com/rai-project/nvml-go"
  packages = ["."]
  revision = "c5552548d351522a93d98d2510e600e293559d1f"

[[projects]]
  branch = "master"
  name = "github.com/rai-project/parallel"
  packages = ["tunny"]
  revision = "93bd57f6535935da904d26024a9e5c8fe0c60573"

[[projects]]
  branch = "master"
  name = "github.com/rai-project/pipeline"
  packages = ["."]
  revision = "7185c19356720d69921b4740c793914deb51e179"

[[projects]]
  branch = "master"
  name = "github.com/rai-project/registry"
  packages = ["."]
  revision = "3ad7f8af17a1b14df55b689be59dce4e2eb07db8"

[[projects]]
  branch = "master"
  name = "github.com/rai-project/serializer"
  packages = [
    ".",
    "bson",
    "json",
    "jsonpb"
  ]
  revision = "d4f68b69a9979688d517dbbee0edf361bdca7c34"

[[projects]]
  branch = "master"
  name = "github.com/rai-project/tegra"
  packages = ["."]
  revision = "e67904ef854ae00a55270b7bc2a3a2bd875ee080"

[[projects]]
  branch = "master"
  name = "github.com/rai-project/tracer"
  packages = [
    ".",
    "all",
    "chrome",
    "defaults",
    "jaeger",
    "middleware/grpc",
    "noop",
    "observer",
    "utils",
    "zipkin"
  ]
  revision = "1813199cbcd257a5b9bbeff9496a877303a24523"

[[projects]]
  branch = "master"
  name = "github.com/rai-project/utils"
  packages = [
    ".",
    "promise"
  ]
  revision = "1660f4e6c5178a88d71a942ca6e5a5796e035c4e"

[[projects]]
  branch = "master"
  name = "github.com/rai-project/uuid"
  packages = ["."]
  revision = "9d1dfc0fdb4f216bcbe4349da0997301f1123e29"

[[projects]]
  branch = "master"
  name = "github.com/rai-project/vipertags"
  packages = ["."]
  revision = "1ba1bde0b4ed99b017e484a31738af53d0b0c81d"

[[projects]]
  branch = "master"
  name = "github.com/rai-project/web"
  packages = ["logger"]
  revision = "71757c019303fb222077decc300879742214f44c"

[[projects]]
  branch = "master"
  name = "github.com/rainycape/dl"
  packages = ["."]
  revision = "1b01514224a1a60a6bcbb0b6b9d3a00ec14ae17f"

[[projects]]
  branch = "master"
  name = "github.com/rcrowley/go-metrics"
  packages = ["."]
  revision = "e2704e165165ec55d062f5919b4b29494e9fa790"

[[projects]]
  name = "github.com/russross/blackfriday"
  packages = ["."]
  revision = "55d61fa8aa702f59229e6cff85793c22e580eaf5"
  version = "v1.5.1"

[[projects]]
  branch = "master"
  name = "github.com/samuel/go-zookeeper"
  packages = ["zk"]
  revision = "c4fab1ac1bec58281ad0667dc3f0907a9476ac47"

[[projects]]
  branch = "master"
  name = "github.com/sebest/logrusly"
  packages = ["."]
  revision = "3235eccb8edc74d09a3e9727b13cce44644188f1"

[[projects]]
  name = "github.com/segmentio/go-loggly"
  packages = ["."]
  revision = "3e0cec4266ddf583aecef51bb8e9badc3cca5314"
  version = "v0.5.0"

[[projects]]
  name = "github.com/shirou/gopsutil"
  packages = [
    "internal/common",
    "mem"
  ]
  revision = "eeb1d38d69593f121e060d24d17f7b1f0936b203"
  version = "v2.18.05"

[[projects]]
  name = "github.com/sirupsen/logrus"
  packages = [
    ".",
    "hooks/syslog"
  ]
  revision = "c155da19408a8799da419ed3eeb0cb5db0ad5dbc"
  version = "v1.0.5"

[[projects]]
  name = "github.com/spf13/afero"
  packages = [
    ".",
    "mem"
  ]
  revision = "787d034dfe70e44075ccc060d346146ef53270ad"
  version = "v1.1.1"

[[projects]]
  name = "github.com/spf13/cast"
  packages = ["."]
  revision = "8965335b8c7107321228e3e3702cab9832751bac"
  version = "v1.2.0"

[[projects]]
  branch = "master"
  name = "github.com/spf13/cobra"
  packages = [
    ".",
    "doc"
  ]
  revision = "1e58aa3361fd650121dceeedc399e7189c05674a"

[[projects]]
  branch = "master"
  name = "github.com/spf13/jwalterweatherman"
  packages = ["."]
  revision = "7c0cea34c8ece3fbeb2b27ab9b59511d360fb394"

[[projects]]
  name = "github.com/spf13/pflag"
  packages = ["."]
  revision = "583c0c0531f06d5278b7d917446061adc344b5cd"
  version = "v1.0.1"

[[projects]]
  branch = "master"
  name = "github.com/spf13/viper"
  packages = [
    ".",
    "remote"
  ]
  revision = "15738813a09db5c8e5b60a19d67d3f9bd38da3a4"

[[projects]]
  name = "github.com/stretchr/objx"
  packages = ["."]
  revision = "477a77ecc69700c7cdeb1fa9e129548e1c1c393c"
  version = "v0.1.1"

[[projects]]
  name = "github.com/stretchr/testify"
  packages = [
    "assert",
    "mock"
  ]
  revision = "f35b8ab0b5a2cef36673838d662e249dd9c94686"
  version = "v1.2.2"

[[projects]]
  name = "github.com/tinylib/msgp"
  packages = ["msgp"]
  revision = "b2b6a672cf1e5b90748f79b8b81fc8c5cf0571a1"
  version = "1.0.2"

[[projects]]
  name = "github.com/uber/jaeger"
  packages = [
    "model",
    "model/json"
  ]
  revision = "ab77ac7efdabbcdce9e53628681ec45421f05e58"
  version = "v1.5.0"

[[projects]]
  name = "github.com/uber/jaeger-client-go"
  packages = [
    ".",
    "internal/baggage",
    "internal/spanlog",
    "internal/throttler",
    "log",
    "thrift",
    "thrift-gen/agent",
    "thrift-gen/jaeger",
    "thrift-gen/sampling",
    "thrift-gen/zipkincore",
    "transport/zipkin",
    "utils",
    "zipkin"
  ]
  revision = "b043381d944715b469fd6b37addfd30145ca1758"
  version = "v2.14.0"

[[projects]]
  name = "github.com/uber/jaeger-lib"
  packages = ["metrics"]
  revision = "ed3a127ec5fef7ae9ea95b01b542c47fbd999ce5"
  version = "v1.5.0"

[[projects]]
  name = "github.com/ugorji/go"
  packages = ["codec"]
  revision = "b4c50a2b199d93b13dc15e78929cfb23bfdf21ab"
  version = "v1.1.1"

[[projects]]
  name = "github.com/ulikunitz/xz"
  packages = [
    ".",
    "internal/hash",
    "internal/xlog",
    "lzma"
  ]
  revision = "0c6b41e72360850ca4f98dc341fd999726ea007f"
  version = "v0.5.4"

[[projects]]
  branch = "master"
  name = "github.com/ulule/deepcopier"
  packages = ["."]
  revision = "ca99b135e50f526fde9cd88705f0ff2f3f95b77c"

[[projects]]
  branch = "master"
  name = "github.com/unixpickle/anydiff"
  packages = [
    ".",
    "anyfwd"
  ]
  revision = "55bea27bf48b56e9b4d688898283241eaa1a3011"

[[projects]]
  branch = "master"
  name = "github.com/unixpickle/anynet"
  packages = [
    ".",
    "anyff",
    "anysgd"
  ]
  revision = "016782221a5a9a1928873ae3a6902c105eb41fa1"

[[projects]]
  branch = "master"
  name = "github.com/unixpickle/anyvec"
  packages = [
    ".",
    "anyvec32",
    "anyvec64",
    "anyvecsave"
  ]
  revision = "59aa66ba0472c3778dae801bb02ee517d8cdafc2"

[[projects]]
  branch = "master"
  name = "github.com/unixpickle/autofunc"
  packages = ["."]
  revision = "f27a3f82164a09d2e4bdb676c50bdb865f84e45e"

[[projects]]
  branch = "master"
  name = "github.com/unixpickle/essentials"
  packages = ["."]
  revision = "bca13a0bdff4dad7a95b21dfc787904894324e57"

[[projects]]
  branch = "master"
  name = "github.com/unixpickle/mnist"
  packages = ["."]
  revision = "751c4271cf3a1233cd371a72657eeaba5bc2dbc6"

[[projects]]
  branch = "master"
  name = "github.com/unixpickle/num-analysis"
  packages = [
    "kahan",
    "linalg"
  ]
  revision = "c45203c6304762fef2b81bd3de79e0381bf323ca"

[[projects]]
  branch = "master"
  name = "github.com/unixpickle/serializer"
  packages = ["."]
  revision = "c6c092dc55bbf7b6774f89d77ea06dd2605420e3"

[[projects]]
  branch = "master"
  name = "github.com/unixpickle/sgd"
  packages = ["."]
  revision = "0e3d4c9d317b1095d02febdaedf802f6d1dbd5b1"

[[projects]]
  branch = "master"
  name = "github.com/unixpickle/tensor"
  packages = ["."]
  revision = "7295881ed12b307a59cdcee0384314888a8c22ae"

[[projects]]
  branch = "master"
  name = "github.com/unixpickle/weakai"
  packages = ["neuralnet"]
  revision = "247102c873969098a6e55c8325bb077be2bbb519"

[[projects]]
  branch = "master"
  name = "github.com/valyala/bytebufferpool"
  packages = ["."]
  revision = "e746df99fe4a3986f4d4f79e13c1e0117ce9c2f7"

[[projects]]
  branch = "master"
  name = "github.com/valyala/fasttemplate"
  packages = ["."]
  revision = "dcecefd839c4193db0d35b88ec65b4c12d360ab0"

[[projects]]
  branch = "master"
  name = "github.com/wercker/journalhook"
  packages = ["."]
  revision = "5d0a5ae867b354cbbbd2a9ab8d66b4f96cfaa741"

[[projects]]
  branch = "master"
  name = "github.com/xordataexchange/crypt"
  packages = [
    "backend",
    "backend/consul",
    "backend/etcd",
    "config",
    "encoding/secconf"
  ]
  revision = "b2862e3d0a775f18c7cfe02273500ae307b61218"

[[projects]]
  branch = "master"
  name = "golang.org/x/crypto"
  packages = [
    "acme",
    "acme/autocert",
    "cast5",
    "openpgp",
    "openpgp/armor",
    "openpgp/elgamal",
    "openpgp/errors",
    "openpgp/packet",
    "openpgp/s2k",
    "ssh/terminal"
  ]
  revision = "a49355c7e3f8fe157a85be2f77e6e269a0f89602"

[[projects]]
  branch = "master"
  name = "golang.org/x/image"
  packages = ["bmp"]
  revision = "af66defab954cb421ca110193eed9477c8541e2a"

[[projects]]
  branch = "master"
  name = "golang.org/x/net"
  packages = [
    "context",
    "context/ctxhttp",
    "http/httpguts",
    "http2",
    "http2/hpack",
    "idna",
    "internal/socks",
    "internal/timeseries",
    "proxy",
    "publicsuffix",
    "trace",
    "websocket"
  ]
  revision = "afe8f62b1d6bbd81f31868121a50b06d8188e1f9"

[[projects]]
  branch = "master"
  name = "golang.org/x/oauth2"
  packages = [
    ".",
    "google",
    "internal",
    "jws",
    "jwt"
  ]
  revision = "ef147856a6ddbb60760db74283d2424e98c87bff"

[[projects]]
  branch = "master"
  name = "golang.org/x/sync"
  packages = [
    "errgroup",
    "syncmap"
  ]
  revision = "1d60e4601c6fd243af51cc01ddf169918a5407ca"

[[projects]]
  branch = "master"
  name = "golang.org/x/sys"
  packages = [
    "unix",
    "windows"
  ]
  revision = "63fc586f45fe72d95d5240a5d5eb95e6503907d3"

[[projects]]
  name = "golang.org/x/text"
  packages = [
    "collate",
    "collate/build",
    "internal/colltab",
    "internal/gen",
    "internal/tag",
    "internal/triegen",
    "internal/ucd",
    "language",
    "secure/bidirule",
    "transform",
    "unicode/bidi",
    "unicode/cldr",
    "unicode/norm",
    "unicode/rangetable"
  ]
  revision = "f21a4dfb5e38f5895301dc265a8def02365cc3d0"
  version = "v0.3.0"

[[projects]]
  branch = "master"
  name = "golang.org/x/time"
  packages = ["rate"]
  revision = "fbb02b2291d28baffd63558aa44b4b56f178d650"

[[projects]]
  branch = "master"
  name = "google.golang.org/api"
  packages = [
    "clouderrorreporting/v1beta1",
    "gensupport",
    "googleapi",
    "googleapi/internal/uritemplates",
    "logging/v2"
  ]
  revision = "3639d6d93f377f39a1de765fa4ef37b3c7ca8bd9"

[[projects]]
  name = "google.golang.org/appengine"
  packages = [
    ".",
    "internal",
    "internal/app_identity",
    "internal/base",
    "internal/datastore",
    "internal/log",
    "internal/modules",
    "internal/remote_api",
    "internal/urlfetch",
    "urlfetch"
  ]
  revision = "b1f26356af11148e710935ed1ac8a7f5702c7612"
  version = "v1.1.0"

[[projects]]
  branch = "master"
  name = "google.golang.org/genproto"
  packages = [
    "googleapis/api/annotations",
    "googleapis/rpc/status"
  ]
  revision = "80063a038e333bbe006c878e4c5ce4c74d055498"

[[projects]]
  name = "google.golang.org/grpc"
  packages = [
    ".",
    "balancer",
    "balancer/base",
    "balancer/roundrobin",
    "codes",
    "connectivity",
    "credentials",
    "encoding",
    "encoding/proto",
    "grpclog",
    "internal",
    "internal/backoff",
    "internal/channelz",
    "internal/grpcrand",
    "keepalive",
    "metadata",
    "naming",
    "peer",
    "resolver",
    "resolver/dns",
    "resolver/passthrough",
    "stats",
    "status",
    "tap",
    "transport"
  ]
  revision = "168a6198bcb0ef175f7dacec0b8691fc141dc9b8"
  version = "v1.13.0"

[[projects]]
  name = "gopkg.in/cheggaaa/pb.v2"
  packages = ["."]
  revision = "2af8bbdea9e99e83b3ac400d8f6b6d1b8cbbf338"

[[projects]]
  name = "gopkg.in/fatih/set.v0"
  packages = ["."]
  revision = "57907de300222151a123d29255ed17f5ed43fad3"
  version = "v0.1.0"

[[projects]]
  branch = "v2"
  name = "gopkg.in/mgo.v2"
  packages = [
    ".",
    "bson",
    "internal/json",
    "internal/sasl",
    "internal/scram"
  ]
  revision = "3f83fa5005286a7fe593b055f0d7771a7dce4655"

[[projects]]
  name = "gopkg.in/yaml.v2"
  packages = ["."]
  revision = "5420a8b6744d3b0345ab293f6fcba19c978f1183"
  version = "v2.2.1"

[[projects]]
  name = "upper.io/db.v3"
  packages = [
    ".",
    "internal/immutable",
    "mongo"
  ]
  revision = "d90922beee6de3f39c93ed677f6da82565d07154"
  version = "v3.5.3"

[solve-meta]
  analyzer-name = "dep"
  analyzer-version = 1
  inputs-digest = "d1cdcc97bb93d479a242cbf943629d65693067e79cd06cc4292ebdeee1c6d8a2"
  solver-name = "gps-cdcl"
  solver-version = 1
